// !$*UTF8*$!
{
	archiveVersion = 1;
	classes = {
	};
	objectVersion = 46;
	objects = {

/* Begin PBXBuildFile section */
		4898F9F313CDAAD1006EC97E /* UIKit.framework in Frameworks */ = {isa = PBXBuildFile; fileRef = 4898F9F213CDAAD1006EC97E /* UIKit.framework */; };
		4898F9F513CDAAD1006EC97E /* Foundation.framework in Frameworks */ = {isa = PBXBuildFile; fileRef = 4898F9F413CDAAD1006EC97E /* Foundation.framework */; };
		4898F9F713CDAAD1006EC97E /* CoreGraphics.framework in Frameworks */ = {isa = PBXBuildFile; fileRef = 4898F9F613CDAAD1006EC97E /* CoreGraphics.framework */; };
		4898FA0013CDAAD1006EC97E /* main.m in Sources */ = {isa = PBXBuildFile; fileRef = 4898F9FF13CDAAD1006EC97E /* main.m */; };
		4898FA0313CDAAD1006EC97E /* AirFloatAppDelegate.m in Sources */ = {isa = PBXBuildFile; fileRef = 4898FA0213CDAAD1006EC97E /* AirFloatAppDelegate.m */; };
		4898FA7C13CDB6B9006EC97E /* Icon@2x.png in Resources */ = {isa = PBXBuildFile; fileRef = 4898FA7B13CDB6B9006EC97E /* Icon@2x.png */; };
		4898FA7E13CDB6C2006EC97E /* Icon.png in Resources */ = {isa = PBXBuildFile; fileRef = 4898FA7D13CDB6C2006EC97E /* Icon.png */; };
		4898FA9513CF17BC006EC97E /* QuartzCore.framework in Frameworks */ = {isa = PBXBuildFile; fileRef = 4898FA9413CF17BC006EC97E /* QuartzCore.framework */; };
		4898FA9713CF2D6C006EC97E /* AudioToolbox.framework in Frameworks */ = {isa = PBXBuildFile; fileRef = 4898FA9613CF2D6C006EC97E /* AudioToolbox.framework */; };
		A10392D314E9B58400DB356F /* BarButton.png in Resources */ = {isa = PBXBuildFile; fileRef = A10392CF14E9B58400DB356F /* BarButton.png */; };
		A10392D414E9B58400DB356F /* BarButton@2x.png in Resources */ = {isa = PBXBuildFile; fileRef = A10392D014E9B58400DB356F /* BarButton@2x.png */; };
		A10392D514E9B58400DB356F /* BarButtonHighlighted.png in Resources */ = {isa = PBXBuildFile; fileRef = A10392D114E9B58400DB356F /* BarButtonHighlighted.png */; };
		A10392D614E9B58400DB356F /* BarButtonHighlighted@2x.png in Resources */ = {isa = PBXBuildFile; fileRef = A10392D214E9B58400DB356F /* BarButtonHighlighted@2x.png */; };
		A10392DA14E9B6C400DB356F /* AirFloatBarButton.m in Sources */ = {isa = PBXBuildFile; fileRef = A10392D914E9B6C400DB356F /* AirFloatBarButton.m */; };
		A10EB41E14E8374F00615CDB /* Next.png in Resources */ = {isa = PBXBuildFile; fileRef = A10EB41614E8374F00615CDB /* Next.png */; };
		A10EB41F14E8374F00615CDB /* Next@2x.png in Resources */ = {isa = PBXBuildFile; fileRef = A10EB41714E8374F00615CDB /* Next@2x.png */; };
		A10EB42014E8374F00615CDB /* Pause.png in Resources */ = {isa = PBXBuildFile; fileRef = A10EB41814E8374F00615CDB /* Pause.png */; };
		A10EB42114E8374F00615CDB /* Pause@2x.png in Resources */ = {isa = PBXBuildFile; fileRef = A10EB41914E8374F00615CDB /* Pause@2x.png */; };
		A10EB42214E8374F00615CDB /* Play.png in Resources */ = {isa = PBXBuildFile; fileRef = A10EB41A14E8374F00615CDB /* Play.png */; };
		A10EB42314E8374F00615CDB /* Play@2x.png in Resources */ = {isa = PBXBuildFile; fileRef = A10EB41B14E8374F00615CDB /* Play@2x.png */; };
		A10EB42414E8374F00615CDB /* Prev.png in Resources */ = {isa = PBXBuildFile; fileRef = A10EB41C14E8374F00615CDB /* Prev.png */; };
		A10EB42514E8374F00615CDB /* Prev@2x.png in Resources */ = {isa = PBXBuildFile; fileRef = A10EB41D14E8374F00615CDB /* Prev@2x.png */; };
		A10ECCA814E4F94400C1BFAA /* BottomBar@2x.png in Resources */ = {isa = PBXBuildFile; fileRef = A10ECCA714E4F94400C1BFAA /* BottomBar@2x.png */; };
		A10ECCAB14E4F95000C1BFAA /* ArtworkFalloff.png in Resources */ = {isa = PBXBuildFile; fileRef = A10ECCA914E4F95000C1BFAA /* ArtworkFalloff.png */; };
		A10ECCAC14E4F95000C1BFAA /* ArtworkFalloff@2x.png in Resources */ = {isa = PBXBuildFile; fileRef = A10ECCAA14E4F95000C1BFAA /* ArtworkFalloff@2x.png */; };
		A116EA8616EE448D005530E9 /* AirFloatFlipInView.m in Sources */ = {isa = PBXBuildFile; fileRef = A116EA8516EE448D005530E9 /* AirFloatFlipInView.m */; };
		A116EA8E16EE6297005530E9 /* AppViewController.m in Sources */ = {isa = PBXBuildFile; fileRef = A116EA8D16EE6297005530E9 /* AppViewController.m */; };
		A129DD6016F909C1004AA3BD /* SettingsViewController.xib in Resources */ = {isa = PBXBuildFile; fileRef = A129DD5F16F909C1004AA3BD /* SettingsViewController.xib */; };
		A129DD6316F93586004AA3BD /* AirFloatReflectionView.m in Sources */ = {isa = PBXBuildFile; fileRef = A129DD6216F93586004AA3BD /* AirFloatReflectionView.m */; };
		A129DD7D16F94D02004AA3BD /* SettingsViewController.m in Sources */ = {isa = PBXBuildFile; fileRef = A129DD7C16F94D02004AA3BD /* SettingsViewController.m */; };
		A12B7AFF14FDCBE20068538D /* AirFloatAdView.m in Sources */ = {isa = PBXBuildFile; fileRef = A12B7AFC14FDCBE20068538D /* AirFloatAdView.m */; };
		A12B7B0914FDCCB20068538D /* Images.plist in Resources */ = {isa = PBXBuildFile; fileRef = A12B7B0514FDCCB20068538D /* Images.plist */; };
		A1389E0914E417E6004FE040 /* TopBar.png in Resources */ = {isa = PBXBuildFile; fileRef = A1389E0714E417E6004FE040 /* TopBar.png */; };
		A1389E0A14E417E6004FE040 /* TopBar@2x.png in Resources */ = {isa = PBXBuildFile; fileRef = A1389E0814E417E6004FE040 /* TopBar@2x.png */; };
		A1389E0D14E41A87004FE040 /* NoArtwork~iphone.png in Resources */ = {isa = PBXBuildFile; fileRef = A1389E0B14E41A87004FE040 /* NoArtwork~iphone.png */; };
		A1389E0E14E41A87004FE040 /* NoArtwork@2x~iphone.png in Resources */ = {isa = PBXBuildFile; fileRef = A1389E0C14E41A87004FE040 /* NoArtwork@2x~iphone.png */; };
		A1389E1014E41AFF004FE040 /* BottomBar.png in Resources */ = {isa = PBXBuildFile; fileRef = A1389E0F14E41AFF004FE040 /* BottomBar.png */; };
		A1389E1F14E43684004FE040 /* SystemConfiguration.framework in Frameworks */ = {isa = PBXBuildFile; fileRef = A1389E1E14E43683004FE040 /* SystemConfiguration.framework */; };
		A13F21C716ED10A900365A6D /* CFNetwork.framework in Frameworks */ = {isa = PBXBuildFile; fileRef = A13F21C616ED10A900365A6D /* CFNetwork.framework */; };
		A14328CE16F8DFD0003AFC5D /* AppViewController.xib in Resources */ = {isa = PBXBuildFile; fileRef = A14328CD16F8DFD0003AFC5D /* AppViewController.xib */; };
		A144E3AB1B7E440200A6CE44 /* Default-375w-667h@2x~iphone.png in Resources */ = {isa = PBXBuildFile; fileRef = A144E3AA1B7E440200A6CE44 /* Default-375w-667h@2x~iphone.png */; };
		A144E3AD1B7E45E600A6CE44 /* Default-414w-736h@3x~iphone.png in Resources */ = {isa = PBXBuildFile; fileRef = A144E3AC1B7E45E600A6CE44 /* Default-414w-736h@3x~iphone.png */; };
		A146A93416FA5C1000698A49 /* Support.html in Resources */ = {isa = PBXBuildFile; fileRef = A146A93316FA5C1000698A49 /* Support.html */; };
		A146A93816FA625600698A49 /* SupportViewController.m in Sources */ = {isa = PBXBuildFile; fileRef = A146A93616FA625600698A49 /* SupportViewController.m */; };
		A146A93916FA625600698A49 /* SupportViewController.xib in Resources */ = {isa = PBXBuildFile; fileRef = A146A93716FA625600698A49 /* SupportViewController.xib */; };
		A146A93C16FA6E1B00698A49 /* AirFloatLogo-Support.png in Resources */ = {isa = PBXBuildFile; fileRef = A146A93A16FA6E1A00698A49 /* AirFloatLogo-Support.png */; };
		A146A93D16FA6E1B00698A49 /* AirFloatLogo-Support@2x.png in Resources */ = {isa = PBXBuildFile; fileRef = A146A93B16FA6E1A00698A49 /* AirFloatLogo-Support@2x.png */; };
		A146A94016FB059100698A49 /* PayPalDonate.png in Resources */ = {isa = PBXBuildFile; fileRef = A146A93E16FB059100698A49 /* PayPalDonate.png */; };
		A146A94116FB059100698A49 /* PayPalDonate@2x.png in Resources */ = {isa = PBXBuildFile; fileRef = A146A93F16FB059100698A49 /* PayPalDonate@2x.png */; };
		A1594D9316FCA38C00D14269 /* SettingsInputBackground.png in Resources */ = {isa = PBXBuildFile; fileRef = A1594D9116FCA38C00D14269 /* SettingsInputBackground.png */; };
		A1594D9416FCA38C00D14269 /* SettingsInputBackground@2x.png in Resources */ = {isa = PBXBuildFile; fileRef = A1594D9216FCA38C00D14269 /* SettingsInputBackground@2x.png */; };
		A1594D9716FCAB7A00D14269 /* SettingsInputClearButton.png in Resources */ = {isa = PBXBuildFile; fileRef = A1594D9516FCAB7A00D14269 /* SettingsInputClearButton.png */; };
		A1594D9816FCAB7A00D14269 /* SettingsInputClearButton@2x.png in Resources */ = {isa = PBXBuildFile; fileRef = A1594D9616FCAB7A00D14269 /* SettingsInputClearButton@2x.png */; };
		A1594D9C16FCB24100D14269 /* AirFloatSwitch.m in Sources */ = {isa = PBXBuildFile; fileRef = A1594D9B16FCB24100D14269 /* AirFloatSwitch.m */; };
		A1594DA216FCB59D00D14269 /* SettingsSwitchBackground.png in Resources */ = {isa = PBXBuildFile; fileRef = A1594D9E16FCB59D00D14269 /* SettingsSwitchBackground.png */; };
		A1594DA316FCB59D00D14269 /* SettingsSwitchBackground@2x.png in Resources */ = {isa = PBXBuildFile; fileRef = A1594D9F16FCB59D00D14269 /* SettingsSwitchBackground@2x.png */; };
		A1594DA416FCB59D00D14269 /* SettingsSwitchBackgroundHighlighted.png in Resources */ = {isa = PBXBuildFile; fileRef = A1594DA016FCB59D00D14269 /* SettingsSwitchBackgroundHighlighted.png */; };
		A1594DA516FCB59D00D14269 /* SettingsSwitchBackgroundHighlighted@2x.png in Resources */ = {isa = PBXBuildFile; fileRef = A1594DA116FCB59D00D14269 /* SettingsSwitchBackgroundHighlighted@2x.png */; };
		A1594DAC16FCC02600D14269 /* SettingsSwitchKnob.png in Resources */ = {isa = PBXBuildFile; fileRef = A1594DA616FCC02600D14269 /* SettingsSwitchKnob.png */; };
		A1594DAD16FCC02600D14269 /* SettingsSwitchKnob@2x.png in Resources */ = {isa = PBXBuildFile; fileRef = A1594DA716FCC02600D14269 /* SettingsSwitchKnob@2x.png */; };
		A1594DAE16FCC02600D14269 /* SettingsSwitchKnobOff.png in Resources */ = {isa = PBXBuildFile; fileRef = A1594DA816FCC02600D14269 /* SettingsSwitchKnobOff.png */; };
		A1594DAF16FCC02600D14269 /* SettingsSwitchKnobOff@2x.png in Resources */ = {isa = PBXBuildFile; fileRef = A1594DA916FCC02600D14269 /* SettingsSwitchKnobOff@2x.png */; };
		A1594DB016FCC02600D14269 /* SettingsSwitchKnobOn.png in Resources */ = {isa = PBXBuildFile; fileRef = A1594DAA16FCC02600D14269 /* SettingsSwitchKnobOn.png */; };
		A1594DB116FCC02600D14269 /* SettingsSwitchKnobOn@2x.png in Resources */ = {isa = PBXBuildFile; fileRef = A1594DAB16FCC02600D14269 /* SettingsSwitchKnobOn@2x.png */; };
		A1594DB416FD231900D14269 /* SettingsInputHighlightedBackground.png in Resources */ = {isa = PBXBuildFile; fileRef = A1594DB216FD231800D14269 /* SettingsInputHighlightedBackground.png */; };
		A1594DB516FD231900D14269 /* SettingsInputHighlightedBackground@2x.png in Resources */ = {isa = PBXBuildFile; fileRef = A1594DB316FD231800D14269 /* SettingsInputHighlightedBackground@2x.png */; };
		A1594DB816FD29DD00D14269 /* UIView+AirFloatAdditions.m in Sources */ = {isa = PBXBuildFile; fileRef = A1594DB716FD29DD00D14269 /* UIView+AirFloatAdditions.m */; };
		A15F64F8151A343A00A7D712 /* iTunes@2x.jpg in Resources */ = {isa = PBXBuildFile; fileRef = A15F64F7151A343A00A7D712 /* iTunes@2x.jpg */; };
		A15F64FA151A344500A7D712 /* iTunes.jpg in Resources */ = {isa = PBXBuildFile; fileRef = A15F64F9151A344500A7D712 /* iTunes.jpg */; };
		A15F64FD151A35A200A7D712 /* iPad.jpg in Resources */ = {isa = PBXBuildFile; fileRef = A15F64FB151A35A100A7D712 /* iPad.jpg */; };
		A15F64FE151A35A200A7D712 /* iPad@2x.jpg in Resources */ = {isa = PBXBuildFile; fileRef = A15F64FC151A35A200A7D712 /* iPad@2x.jpg */; };
		A15F6501151A368200A7D712 /* iPhone.jpg in Resources */ = {isa = PBXBuildFile; fileRef = A15F64FF151A368200A7D712 /* iPhone.jpg */; };
		A15F6502151A368200A7D712 /* iPhone@2x.jpg in Resources */ = {isa = PBXBuildFile; fileRef = A15F6500151A368200A7D712 /* iPhone@2x.jpg */; };
		A174B37816FB0F4C0063035C /* AirFloatScrollingLabel.m in Sources */ = {isa = PBXBuildFile; fileRef = A174B37716FB0F4C0063035C /* AirFloatScrollingLabel.m */; };
		A174B37B16FBD9390063035C /* Malfunction.png in Resources */ = {isa = PBXBuildFile; fileRef = A174B37916FBD9390063035C /* Malfunction.png */; };
		A174B37C16FBD9390063035C /* Malfunction@2x.png in Resources */ = {isa = PBXBuildFile; fileRef = A174B37A16FBD9390063035C /* Malfunction@2x.png */; };
		A174B38016FC71050063035C /* SettingsGroupBackground.png in Resources */ = {isa = PBXBuildFile; fileRef = A174B37E16FC71050063035C /* SettingsGroupBackground.png */; };
		A174B38116FC71050063035C /* SettingsGroupBackground@2x.png in Resources */ = {isa = PBXBuildFile; fileRef = A174B37F16FC71050063035C /* SettingsGroupBackground@2x.png */; };
		A176B6F717385FD600024A3D /* PanelViewController.m in Sources */ = {isa = PBXBuildFile; fileRef = A176B6F617385FD600024A3D /* PanelViewController.m */; };
		A176B6FC17386ADD00024A3D /* Icon-72.png in Resources */ = {isa = PBXBuildFile; fileRef = A176B6FB17386ADD00024A3D /* Icon-72.png */; };
		A176B6FE17386ADF00024A3D /* Icon-72@2x.png in Resources */ = {isa = PBXBuildFile; fileRef = A176B6FD17386ADF00024A3D /* Icon-72@2x.png */; };
		A176B700173877F800024A3D /* Images~ipad.plist in Resources */ = {isa = PBXBuildFile; fileRef = A176B6FF173877F800024A3D /* Images~ipad.plist */; };
		A176B704173879E300024A3D /* iPadiPad.jpg in Resources */ = {isa = PBXBuildFile; fileRef = A176B701173879E300024A3D /* iPadiPad.jpg */; };
		A176B705173879E300024A3D /* iPhoneiPad.jpg in Resources */ = {isa = PBXBuildFile; fileRef = A176B702173879E300024A3D /* iPhoneiPad.jpg */; };
		A176B706173879E300024A3D /* iTunesiPad.jpg in Resources */ = {isa = PBXBuildFile; fileRef = A176B703173879E300024A3D /* iTunesiPad.jpg */; };
		A176B7081739011400024A3D /* Default-Portrait~ipad.png in Resources */ = {isa = PBXBuildFile; fileRef = A176B7071739011400024A3D /* Default-Portrait~ipad.png */; };
		A176B70A1739012600024A3D /* Default-Portrait@2x~ipad.png in Resources */ = {isa = PBXBuildFile; fileRef = A176B7091739012600024A3D /* Default-Portrait@2x~ipad.png */; };
		A176B70C1739013100024A3D /* Default-Landscape~ipad.png in Resources */ = {isa = PBXBuildFile; fileRef = A176B70B1739013100024A3D /* Default-Landscape~ipad.png */; };
		A176B70E1739013A00024A3D /* Default-Landscape@2x~ipad.png in Resources */ = {isa = PBXBuildFile; fileRef = A176B70D1739013A00024A3D /* Default-Landscape@2x~ipad.png */; };
		A176B7111739081700024A3D /* NoArtwork~ipad.png in Resources */ = {isa = PBXBuildFile; fileRef = A176B70F1739081700024A3D /* NoArtwork~ipad.png */; };
		A176B7121739081700024A3D /* NoArtwork@2x~ipad.png in Resources */ = {isa = PBXBuildFile; fileRef = A176B7101739081700024A3D /* NoArtwork@2x~ipad.png */; };
		A17D49DB163E7A4C00A94C23 /* Default-568h@2x.png in Resources */ = {isa = PBXBuildFile; fileRef = A17D49DA163E7A4C00A94C23 /* Default-568h@2x.png */; };
		A194311F14D46878009FC07B /* CoreAudio.framework in Frameworks */ = {isa = PBXBuildFile; fileRef = A194311E14D46878009FC07B /* CoreAudio.framework */; };
		A1ACB4EE16FA2264008E4C4F /* CoreImage.framework in Frameworks */ = {isa = PBXBuildFile; fileRef = A1ACB4ED16FA2264008E4C4F /* CoreImage.framework */; settings = {ATTRIBUTES = (Weak, ); }; };
		A1ACB4F216FA2350008E4C4F /* UIImage+AirFloatAdditions.m in Sources */ = {isa = PBXBuildFile; fileRef = A1ACB4F116FA2350008E4C4F /* UIImage+AirFloatAdditions.m */; };
		A1ACB4F416FA286F008E4C4F /* OpenGLES.framework in Frameworks */ = {isa = PBXBuildFile; fileRef = A1ACB4F316FA286F008E4C4F /* OpenGLES.framework */; settings = {ATTRIBUTES = (Weak, ); }; };
		A1C7F79A1500D22100D7DE52 /* Default@2x.png in Resources */ = {isa = PBXBuildFile; fileRef = A1C7F7991500D22100D7DE52 /* Default@2x.png */; };
		A1C7F79C1500D2B600D7DE52 /* Default.png in Resources */ = {isa = PBXBuildFile; fileRef = A1C7F79B1500D2B600D7DE52 /* Default.png */; };
		A1DE598714CF163500A6767D /* MediaPlayer.framework in Frameworks */ = {isa = PBXBuildFile; fileRef = A1DE598614CF163500A6767D /* MediaPlayer.framework */; };
		A1DF3AF514C4623700252C95 /* AVFoundation.framework in Frameworks */ = {isa = PBXBuildFile; fileRef = A1DF3AF414C4623700252C95 /* AVFoundation.framework */; };
		A1EB94091DD7DDB600ED8159 /* NSUserDefaults+AirFloatAdditions.m in Sources */ = {isa = PBXBuildFile; fileRef = A1EB94081DD7DDB600ED8159 /* NSUserDefaults+AirFloatAdditions.m */; };
		C001F1F41CD888C1005954E3 /* liblibairfloat.a in Frameworks */ = {isa = PBXBuildFile; fileRef = C001F1F01CD8880B005954E3 /* liblibairfloat.a */; };
/* End PBXBuildFile section */

/* Begin PBXContainerItemProxy section */
		C001F1EF1CD8880B005954E3 /* PBXContainerItemProxy */ = {
			isa = PBXContainerItemProxy;
			containerPortal = A12CB482195047B30093C7AE /* libairfloat.xcodeproj */;
			proxyType = 2;
			remoteGlobalIDString = A1D0DC501950378A004717F5;
			remoteInfo = libairfloat;
		};
		C001F1F21CD888BC005954E3 /* PBXContainerItemProxy */ = {
			isa = PBXContainerItemProxy;
			containerPortal = A12CB482195047B30093C7AE /* libairfloat.xcodeproj */;
			proxyType = 1;
			remoteGlobalIDString = A1D0DC4F1950378A004717F5;
			remoteInfo = libairfloat;
		};
/* End PBXContainerItemProxy section */

/* Begin PBXFileReference section */
		4898F9EE13CDAAD1006EC97E /* AirFloat.app */ = {isa = PBXFileReference; explicitFileType = wrapper.application; includeInIndex = 0; path = AirFloat.app; sourceTree = BUILT_PRODUCTS_DIR; };
		4898F9F213CDAAD1006EC97E /* UIKit.framework */ = {isa = PBXFileReference; lastKnownFileType = wrapper.framework; name = UIKit.framework; path = System/Library/Frameworks/UIKit.framework; sourceTree = SDKROOT; };
		4898F9F413CDAAD1006EC97E /* Foundation.framework */ = {isa = PBXFileReference; lastKnownFileType = wrapper.framework; name = Foundation.framework; path = System/Library/Frameworks/Foundation.framework; sourceTree = SDKROOT; };
		4898F9F613CDAAD1006EC97E /* CoreGraphics.framework */ = {isa = PBXFileReference; lastKnownFileType = wrapper.framework; name = CoreGraphics.framework; path = System/Library/Frameworks/CoreGraphics.framework; sourceTree = SDKROOT; };
		4898F9FA13CDAAD1006EC97E /* AirFloat-Info.plist */ = {isa = PBXFileReference; lastKnownFileType = text.plist.xml; path = "AirFloat-Info.plist"; sourceTree = "<group>"; };
		4898F9FE13CDAAD1006EC97E /* AirFloat-Prefix.pch */ = {isa = PBXFileReference; lastKnownFileType = sourcecode.c.h; lineEnding = 0; path = "AirFloat-Prefix.pch"; sourceTree = "<group>"; };
		4898F9FF13CDAAD1006EC97E /* main.m */ = {isa = PBXFileReference; lastKnownFileType = sourcecode.c.objc; lineEnding = 0; path = main.m; sourceTree = "<group>"; };
		4898FA0113CDAAD1006EC97E /* AirFloatAppDelegate.h */ = {isa = PBXFileReference; lastKnownFileType = sourcecode.c.h; lineEnding = 0; path = AirFloatAppDelegate.h; sourceTree = "<group>"; };
		4898FA0213CDAAD1006EC97E /* AirFloatAppDelegate.m */ = {isa = PBXFileReference; lastKnownFileType = sourcecode.c.objc; lineEnding = 0; path = AirFloatAppDelegate.m; sourceTree = "<group>"; };
		4898FA7B13CDB6B9006EC97E /* Icon@2x.png */ = {isa = PBXFileReference; lastKnownFileType = image.png; name = "Icon@2x.png"; path = "../Icon@2x.png"; sourceTree = "<group>"; };
		4898FA7D13CDB6C2006EC97E /* Icon.png */ = {isa = PBXFileReference; lastKnownFileType = image.png; name = Icon.png; path = ../Icon.png; sourceTree = "<group>"; };
		4898FA9413CF17BC006EC97E /* QuartzCore.framework */ = {isa = PBXFileReference; lastKnownFileType = wrapper.framework; name = QuartzCore.framework; path = System/Library/Frameworks/QuartzCore.framework; sourceTree = SDKROOT; };
		4898FA9613CF2D6C006EC97E /* AudioToolbox.framework */ = {isa = PBXFileReference; lastKnownFileType = wrapper.framework; name = AudioToolbox.framework; path = System/Library/Frameworks/AudioToolbox.framework; sourceTree = SDKROOT; };
		A10392CF14E9B58400DB356F /* BarButton.png */ = {isa = PBXFileReference; lastKnownFileType = image.png; path = BarButton.png; sourceTree = "<group>"; };
		A10392D014E9B58400DB356F /* BarButton@2x.png */ = {isa = PBXFileReference; lastKnownFileType = image.png; path = "BarButton@2x.png"; sourceTree = "<group>"; };
		A10392D114E9B58400DB356F /* BarButtonHighlighted.png */ = {isa = PBXFileReference; lastKnownFileType = image.png; path = BarButtonHighlighted.png; sourceTree = "<group>"; };
		A10392D214E9B58400DB356F /* BarButtonHighlighted@2x.png */ = {isa = PBXFileReference; lastKnownFileType = image.png; path = "BarButtonHighlighted@2x.png"; sourceTree = "<group>"; };
		A10392D814E9B6C400DB356F /* AirFloatBarButton.h */ = {isa = PBXFileReference; fileEncoding = 4; lastKnownFileType = sourcecode.c.h; lineEnding = 0; path = AirFloatBarButton.h; sourceTree = "<group>"; xcLanguageSpecificationIdentifier = xcode.lang.objcpp; };
		A10392D914E9B6C400DB356F /* AirFloatBarButton.m */ = {isa = PBXFileReference; fileEncoding = 4; lastKnownFileType = sourcecode.c.objc; path = AirFloatBarButton.m; sourceTree = "<group>"; };
		A10EB41614E8374F00615CDB /* Next.png */ = {isa = PBXFileReference; lastKnownFileType = image.png; path = Next.png; sourceTree = "<group>"; };
		A10EB41714E8374F00615CDB /* Next@2x.png */ = {isa = PBXFileReference; lastKnownFileType = image.png; path = "Next@2x.png"; sourceTree = "<group>"; };
		A10EB41814E8374F00615CDB /* Pause.png */ = {isa = PBXFileReference; lastKnownFileType = image.png; path = Pause.png; sourceTree = "<group>"; };
		A10EB41914E8374F00615CDB /* Pause@2x.png */ = {isa = PBXFileReference; lastKnownFileType = image.png; path = "Pause@2x.png"; sourceTree = "<group>"; };
		A10EB41A14E8374F00615CDB /* Play.png */ = {isa = PBXFileReference; lastKnownFileType = image.png; path = Play.png; sourceTree = "<group>"; };
		A10EB41B14E8374F00615CDB /* Play@2x.png */ = {isa = PBXFileReference; lastKnownFileType = image.png; path = "Play@2x.png"; sourceTree = "<group>"; };
		A10EB41C14E8374F00615CDB /* Prev.png */ = {isa = PBXFileReference; lastKnownFileType = image.png; path = Prev.png; sourceTree = "<group>"; };
		A10EB41D14E8374F00615CDB /* Prev@2x.png */ = {isa = PBXFileReference; lastKnownFileType = image.png; path = "Prev@2x.png"; sourceTree = "<group>"; };
		A10ECCA714E4F94400C1BFAA /* BottomBar@2x.png */ = {isa = PBXFileReference; lastKnownFileType = image.png; path = "BottomBar@2x.png"; sourceTree = "<group>"; };
		A10ECCA914E4F95000C1BFAA /* ArtworkFalloff.png */ = {isa = PBXFileReference; lastKnownFileType = image.png; path = ArtworkFalloff.png; sourceTree = "<group>"; };
		A10ECCAA14E4F95000C1BFAA /* ArtworkFalloff@2x.png */ = {isa = PBXFileReference; lastKnownFileType = image.png; path = "ArtworkFalloff@2x.png"; sourceTree = "<group>"; };
		A116EA8416EE448D005530E9 /* AirFloatFlipInView.h */ = {isa = PBXFileReference; fileEncoding = 4; lastKnownFileType = sourcecode.c.h; path = AirFloatFlipInView.h; sourceTree = "<group>"; };
		A116EA8516EE448D005530E9 /* AirFloatFlipInView.m */ = {isa = PBXFileReference; fileEncoding = 4; lastKnownFileType = sourcecode.c.objc; path = AirFloatFlipInView.m; sourceTree = "<group>"; };
		A116EA8C16EE6297005530E9 /* AppViewController.h */ = {isa = PBXFileReference; fileEncoding = 4; lastKnownFileType = sourcecode.c.h; path = AppViewController.h; sourceTree = "<group>"; };
		A116EA8D16EE6297005530E9 /* AppViewController.m */ = {isa = PBXFileReference; fileEncoding = 4; lastKnownFileType = sourcecode.c.objc; path = AppViewController.m; sourceTree = "<group>"; };
		A129DD5F16F909C1004AA3BD /* SettingsViewController.xib */ = {isa = PBXFileReference; fileEncoding = 4; lastKnownFileType = file.xib; path = SettingsViewController.xib; sourceTree = "<group>"; };
		A129DD6116F93586004AA3BD /* AirFloatReflectionView.h */ = {isa = PBXFileReference; fileEncoding = 4; lastKnownFileType = sourcecode.c.h; path = AirFloatReflectionView.h; sourceTree = "<group>"; };
		A129DD6216F93586004AA3BD /* AirFloatReflectionView.m */ = {isa = PBXFileReference; fileEncoding = 4; lastKnownFileType = sourcecode.c.objc; path = AirFloatReflectionView.m; sourceTree = "<group>"; };
		A129DD7B16F94D02004AA3BD /* SettingsViewController.h */ = {isa = PBXFileReference; fileEncoding = 4; lastKnownFileType = sourcecode.c.h; path = SettingsViewController.h; sourceTree = "<group>"; };
		A129DD7C16F94D02004AA3BD /* SettingsViewController.m */ = {isa = PBXFileReference; fileEncoding = 4; lastKnownFileType = sourcecode.c.objc; path = SettingsViewController.m; sourceTree = "<group>"; };
		A12B7AFB14FDCBE20068538D /* AirFloatAdView.h */ = {isa = PBXFileReference; fileEncoding = 4; lastKnownFileType = sourcecode.c.h; path = AirFloatAdView.h; sourceTree = "<group>"; };
		A12B7AFC14FDCBE20068538D /* AirFloatAdView.m */ = {isa = PBXFileReference; fileEncoding = 4; lastKnownFileType = sourcecode.c.objc; path = AirFloatAdView.m; sourceTree = "<group>"; };
		A12B7B0514FDCCB20068538D /* Images.plist */ = {isa = PBXFileReference; fileEncoding = 4; lastKnownFileType = text.plist.xml; path = Images.plist; sourceTree = "<group>"; };
		A12CB482195047B30093C7AE /* libairfloat.xcodeproj */ = {isa = PBXFileReference; lastKnownFileType = "wrapper.pb-project"; name = libairfloat.xcodeproj; path = libairfloat/libairfloat.xcodeproj; sourceTree = "<group>"; };
		A1389E0714E417E6004FE040 /* TopBar.png */ = {isa = PBXFileReference; lastKnownFileType = image.png; path = TopBar.png; sourceTree = "<group>"; };
		A1389E0814E417E6004FE040 /* TopBar@2x.png */ = {isa = PBXFileReference; lastKnownFileType = image.png; path = "TopBar@2x.png"; sourceTree = "<group>"; };
		A1389E0B14E41A87004FE040 /* NoArtwork~iphone.png */ = {isa = PBXFileReference; lastKnownFileType = image.png; path = "NoArtwork~iphone.png"; sourceTree = "<group>"; };
		A1389E0C14E41A87004FE040 /* NoArtwork@2x~iphone.png */ = {isa = PBXFileReference; lastKnownFileType = image.png; path = "NoArtwork@2x~iphone.png"; sourceTree = "<group>"; };
		A1389E0F14E41AFF004FE040 /* BottomBar.png */ = {isa = PBXFileReference; lastKnownFileType = image.png; path = BottomBar.png; sourceTree = "<group>"; };
		A1389E1E14E43683004FE040 /* SystemConfiguration.framework */ = {isa = PBXFileReference; lastKnownFileType = wrapper.framework; name = SystemConfiguration.framework; path = System/Library/Frameworks/SystemConfiguration.framework; sourceTree = SDKROOT; };
		A13F21C616ED10A900365A6D /* CFNetwork.framework */ = {isa = PBXFileReference; lastKnownFileType = wrapper.framework; name = CFNetwork.framework; path = System/Library/Frameworks/CFNetwork.framework; sourceTree = SDKROOT; };
		A14328CD16F8DFD0003AFC5D /* AppViewController.xib */ = {isa = PBXFileReference; fileEncoding = 4; lastKnownFileType = file.xib; path = AppViewController.xib; sourceTree = "<group>"; };
		A144E3AA1B7E440200A6CE44 /* Default-375w-667h@2x~iphone.png */ = {isa = PBXFileReference; lastKnownFileType = image.png; path = "Default-375w-667h@2x~iphone.png"; sourceTree = SOURCE_ROOT; };
		A144E3AC1B7E45E600A6CE44 /* Default-414w-736h@3x~iphone.png */ = {isa = PBXFileReference; lastKnownFileType = image.png; path = "Default-414w-736h@3x~iphone.png"; sourceTree = "<group>"; };
		A146A93316FA5C1000698A49 /* Support.html */ = {isa = PBXFileReference; fileEncoding = 4; lastKnownFileType = text.html; path = Support.html; sourceTree = "<group>"; };
		A146A93516FA625600698A49 /* SupportViewController.h */ = {isa = PBXFileReference; fileEncoding = 4; lastKnownFileType = sourcecode.c.h; path = SupportViewController.h; sourceTree = "<group>"; };
		A146A93616FA625600698A49 /* SupportViewController.m */ = {isa = PBXFileReference; fileEncoding = 4; lastKnownFileType = sourcecode.c.objc; path = SupportViewController.m; sourceTree = "<group>"; };
		A146A93716FA625600698A49 /* SupportViewController.xib */ = {isa = PBXFileReference; fileEncoding = 4; lastKnownFileType = file.xib; path = SupportViewController.xib; sourceTree = "<group>"; };
		A146A93A16FA6E1A00698A49 /* AirFloatLogo-Support.png */ = {isa = PBXFileReference; lastKnownFileType = image.png; path = "AirFloatLogo-Support.png"; sourceTree = "<group>"; };
		A146A93B16FA6E1A00698A49 /* AirFloatLogo-Support@2x.png */ = {isa = PBXFileReference; lastKnownFileType = image.png; path = "AirFloatLogo-Support@2x.png"; sourceTree = "<group>"; };
		A146A93E16FB059100698A49 /* PayPalDonate.png */ = {isa = PBXFileReference; lastKnownFileType = image.png; path = PayPalDonate.png; sourceTree = "<group>"; };
		A146A93F16FB059100698A49 /* PayPalDonate@2x.png */ = {isa = PBXFileReference; lastKnownFileType = image.png; path = "PayPalDonate@2x.png"; sourceTree = "<group>"; };
		A1594D9116FCA38C00D14269 /* SettingsInputBackground.png */ = {isa = PBXFileReference; lastKnownFileType = image.png; path = SettingsInputBackground.png; sourceTree = "<group>"; };
		A1594D9216FCA38C00D14269 /* SettingsInputBackground@2x.png */ = {isa = PBXFileReference; lastKnownFileType = image.png; path = "SettingsInputBackground@2x.png"; sourceTree = "<group>"; };
		A1594D9516FCAB7A00D14269 /* SettingsInputClearButton.png */ = {isa = PBXFileReference; lastKnownFileType = image.png; path = SettingsInputClearButton.png; sourceTree = "<group>"; };
		A1594D9616FCAB7A00D14269 /* SettingsInputClearButton@2x.png */ = {isa = PBXFileReference; lastKnownFileType = image.png; path = "SettingsInputClearButton@2x.png"; sourceTree = "<group>"; };
		A1594D9A16FCB24100D14269 /* AirFloatSwitch.h */ = {isa = PBXFileReference; fileEncoding = 4; lastKnownFileType = sourcecode.c.h; path = AirFloatSwitch.h; sourceTree = "<group>"; };
		A1594D9B16FCB24100D14269 /* AirFloatSwitch.m */ = {isa = PBXFileReference; fileEncoding = 4; lastKnownFileType = sourcecode.c.objc; path = AirFloatSwitch.m; sourceTree = "<group>"; };
		A1594D9E16FCB59D00D14269 /* SettingsSwitchBackground.png */ = {isa = PBXFileReference; lastKnownFileType = image.png; path = SettingsSwitchBackground.png; sourceTree = "<group>"; };
		A1594D9F16FCB59D00D14269 /* SettingsSwitchBackground@2x.png */ = {isa = PBXFileReference; lastKnownFileType = image.png; path = "SettingsSwitchBackground@2x.png"; sourceTree = "<group>"; };
		A1594DA016FCB59D00D14269 /* SettingsSwitchBackgroundHighlighted.png */ = {isa = PBXFileReference; lastKnownFileType = image.png; path = SettingsSwitchBackgroundHighlighted.png; sourceTree = "<group>"; };
		A1594DA116FCB59D00D14269 /* SettingsSwitchBackgroundHighlighted@2x.png */ = {isa = PBXFileReference; lastKnownFileType = image.png; path = "SettingsSwitchBackgroundHighlighted@2x.png"; sourceTree = "<group>"; };
		A1594DA616FCC02600D14269 /* SettingsSwitchKnob.png */ = {isa = PBXFileReference; lastKnownFileType = image.png; path = SettingsSwitchKnob.png; sourceTree = "<group>"; };
		A1594DA716FCC02600D14269 /* SettingsSwitchKnob@2x.png */ = {isa = PBXFileReference; lastKnownFileType = image.png; path = "SettingsSwitchKnob@2x.png"; sourceTree = "<group>"; };
		A1594DA816FCC02600D14269 /* SettingsSwitchKnobOff.png */ = {isa = PBXFileReference; lastKnownFileType = image.png; path = SettingsSwitchKnobOff.png; sourceTree = "<group>"; };
		A1594DA916FCC02600D14269 /* SettingsSwitchKnobOff@2x.png */ = {isa = PBXFileReference; lastKnownFileType = image.png; path = "SettingsSwitchKnobOff@2x.png"; sourceTree = "<group>"; };
		A1594DAA16FCC02600D14269 /* SettingsSwitchKnobOn.png */ = {isa = PBXFileReference; lastKnownFileType = image.png; path = SettingsSwitchKnobOn.png; sourceTree = "<group>"; };
		A1594DAB16FCC02600D14269 /* SettingsSwitchKnobOn@2x.png */ = {isa = PBXFileReference; lastKnownFileType = image.png; path = "SettingsSwitchKnobOn@2x.png"; sourceTree = "<group>"; };
		A1594DB216FD231800D14269 /* SettingsInputHighlightedBackground.png */ = {isa = PBXFileReference; lastKnownFileType = image.png; path = SettingsInputHighlightedBackground.png; sourceTree = "<group>"; };
		A1594DB316FD231800D14269 /* SettingsInputHighlightedBackground@2x.png */ = {isa = PBXFileReference; lastKnownFileType = image.png; path = "SettingsInputHighlightedBackground@2x.png"; sourceTree = "<group>"; };
		A1594DB616FD29DD00D14269 /* UIView+AirFloatAdditions.h */ = {isa = PBXFileReference; fileEncoding = 4; lastKnownFileType = sourcecode.c.h; path = "UIView+AirFloatAdditions.h"; sourceTree = "<group>"; };
		A1594DB716FD29DD00D14269 /* UIView+AirFloatAdditions.m */ = {isa = PBXFileReference; fileEncoding = 4; lastKnownFileType = sourcecode.c.objc; path = "UIView+AirFloatAdditions.m"; sourceTree = "<group>"; };
		A15F64F7151A343A00A7D712 /* iTunes@2x.jpg */ = {isa = PBXFileReference; lastKnownFileType = image.jpeg; path = "iTunes@2x.jpg"; sourceTree = "<group>"; };
		A15F64F9151A344500A7D712 /* iTunes.jpg */ = {isa = PBXFileReference; lastKnownFileType = image.jpeg; path = iTunes.jpg; sourceTree = "<group>"; };
		A15F64FB151A35A100A7D712 /* iPad.jpg */ = {isa = PBXFileReference; lastKnownFileType = image.jpeg; path = iPad.jpg; sourceTree = "<group>"; };
		A15F64FC151A35A200A7D712 /* iPad@2x.jpg */ = {isa = PBXFileReference; lastKnownFileType = image.jpeg; path = "iPad@2x.jpg"; sourceTree = "<group>"; };
		A15F64FF151A368200A7D712 /* iPhone.jpg */ = {isa = PBXFileReference; lastKnownFileType = image.jpeg; path = iPhone.jpg; sourceTree = "<group>"; };
		A15F6500151A368200A7D712 /* iPhone@2x.jpg */ = {isa = PBXFileReference; lastKnownFileType = image.jpeg; path = "iPhone@2x.jpg"; sourceTree = "<group>"; };
		A174B37616FB0F4C0063035C /* AirFloatScrollingLabel.h */ = {isa = PBXFileReference; fileEncoding = 4; lastKnownFileType = sourcecode.c.h; path = AirFloatScrollingLabel.h; sourceTree = "<group>"; };
		A174B37716FB0F4C0063035C /* AirFloatScrollingLabel.m */ = {isa = PBXFileReference; fileEncoding = 4; lastKnownFileType = sourcecode.c.objc; path = AirFloatScrollingLabel.m; sourceTree = "<group>"; };
		A174B37916FBD9390063035C /* Malfunction.png */ = {isa = PBXFileReference; lastKnownFileType = image.png; path = Malfunction.png; sourceTree = "<group>"; };
		A174B37A16FBD9390063035C /* Malfunction@2x.png */ = {isa = PBXFileReference; lastKnownFileType = image.png; path = "Malfunction@2x.png"; sourceTree = "<group>"; };
		A174B37E16FC71050063035C /* SettingsGroupBackground.png */ = {isa = PBXFileReference; lastKnownFileType = image.png; path = SettingsGroupBackground.png; sourceTree = "<group>"; };
		A174B37F16FC71050063035C /* SettingsGroupBackground@2x.png */ = {isa = PBXFileReference; lastKnownFileType = image.png; path = "SettingsGroupBackground@2x.png"; sourceTree = "<group>"; };
		A176B6F517385FD600024A3D /* PanelViewController.h */ = {isa = PBXFileReference; fileEncoding = 4; lastKnownFileType = sourcecode.c.h; path = PanelViewController.h; sourceTree = "<group>"; };
		A176B6F617385FD600024A3D /* PanelViewController.m */ = {isa = PBXFileReference; fileEncoding = 4; lastKnownFileType = sourcecode.c.objc; path = PanelViewController.m; sourceTree = "<group>"; };
		A176B6FB17386ADD00024A3D /* Icon-72.png */ = {isa = PBXFileReference; lastKnownFileType = image.png; name = "Icon-72.png"; path = "../Icon-72.png"; sourceTree = "<group>"; };
		A176B6FD17386ADF00024A3D /* Icon-72@2x.png */ = {isa = PBXFileReference; lastKnownFileType = image.png; name = "Icon-72@2x.png"; path = "../Icon-72@2x.png"; sourceTree = "<group>"; };
		A176B6FF173877F800024A3D /* Images~ipad.plist */ = {isa = PBXFileReference; fileEncoding = 4; lastKnownFileType = text.plist.xml; path = "Images~ipad.plist"; sourceTree = "<group>"; };
		A176B701173879E300024A3D /* iPadiPad.jpg */ = {isa = PBXFileReference; lastKnownFileType = image.jpeg; path = iPadiPad.jpg; sourceTree = "<group>"; };
		A176B702173879E300024A3D /* iPhoneiPad.jpg */ = {isa = PBXFileReference; lastKnownFileType = image.jpeg; path = iPhoneiPad.jpg; sourceTree = "<group>"; };
		A176B703173879E300024A3D /* iTunesiPad.jpg */ = {isa = PBXFileReference; lastKnownFileType = image.jpeg; path = iTunesiPad.jpg; sourceTree = "<group>"; };
		A176B7071739011400024A3D /* Default-Portrait~ipad.png */ = {isa = PBXFileReference; lastKnownFileType = image.png; name = "Default-Portrait~ipad.png"; path = "../Default-Portrait~ipad.png"; sourceTree = "<group>"; };
		A176B7091739012600024A3D /* Default-Portrait@2x~ipad.png */ = {isa = PBXFileReference; lastKnownFileType = image.png; name = "Default-Portrait@2x~ipad.png"; path = "../Default-Portrait@2x~ipad.png"; sourceTree = "<group>"; };
		A176B70B1739013100024A3D /* Default-Landscape~ipad.png */ = {isa = PBXFileReference; lastKnownFileType = image.png; name = "Default-Landscape~ipad.png"; path = "../Default-Landscape~ipad.png"; sourceTree = "<group>"; };
		A176B70D1739013A00024A3D /* Default-Landscape@2x~ipad.png */ = {isa = PBXFileReference; lastKnownFileType = image.png; name = "Default-Landscape@2x~ipad.png"; path = "../Default-Landscape@2x~ipad.png"; sourceTree = "<group>"; };
		A176B70F1739081700024A3D /* NoArtwork~ipad.png */ = {isa = PBXFileReference; lastKnownFileType = image.png; path = "NoArtwork~ipad.png"; sourceTree = "<group>"; };
		A176B7101739081700024A3D /* NoArtwork@2x~ipad.png */ = {isa = PBXFileReference; lastKnownFileType = image.png; path = "NoArtwork@2x~ipad.png"; sourceTree = "<group>"; };
		A17D49DA163E7A4C00A94C23 /* Default-568h@2x.png */ = {isa = PBXFileReference; lastKnownFileType = image.png; name = "Default-568h@2x.png"; path = "../Default-568h@2x.png"; sourceTree = "<group>"; };
		A17E9233152DA909000331D3 /* libz.1.tbd */ = {isa = PBXFileReference; lastKnownFileType = "sourcecode.text-based-dylib-definition"; name = libz.1.tbd; path = ../iPhoneOS.sdk/usr/lib/libz.1.tbd; sourceTree = SDKROOT; };
		A194311E14D46878009FC07B /* CoreAudio.framework */ = {isa = PBXFileReference; lastKnownFileType = wrapper.framework; name = CoreAudio.framework; path = System/Library/Frameworks/CoreAudio.framework; sourceTree = SDKROOT; };
		A1ACB4ED16FA2264008E4C4F /* CoreImage.framework */ = {isa = PBXFileReference; lastKnownFileType = wrapper.framework; name = CoreImage.framework; path = System/Library/Frameworks/CoreImage.framework; sourceTree = SDKROOT; };
		A1ACB4F016FA2350008E4C4F /* UIImage+AirFloatAdditions.h */ = {isa = PBXFileReference; fileEncoding = 4; lastKnownFileType = sourcecode.c.h; path = "UIImage+AirFloatAdditions.h"; sourceTree = "<group>"; };
		A1ACB4F116FA2350008E4C4F /* UIImage+AirFloatAdditions.m */ = {isa = PBXFileReference; fileEncoding = 4; lastKnownFileType = sourcecode.c.objc; path = "UIImage+AirFloatAdditions.m"; sourceTree = "<group>"; };
		A1ACB4F316FA286F008E4C4F /* OpenGLES.framework */ = {isa = PBXFileReference; lastKnownFileType = wrapper.framework; name = OpenGLES.framework; path = System/Library/Frameworks/OpenGLES.framework; sourceTree = SDKROOT; };
		A1C7F7991500D22100D7DE52 /* Default@2x.png */ = {isa = PBXFileReference; lastKnownFileType = image.png; name = "Default@2x.png"; path = "../Default@2x.png"; sourceTree = "<group>"; };
		A1C7F79B1500D2B600D7DE52 /* Default.png */ = {isa = PBXFileReference; lastKnownFileType = image.png; name = Default.png; path = ../Default.png; sourceTree = "<group>"; };
		A1DE598614CF163500A6767D /* MediaPlayer.framework */ = {isa = PBXFileReference; lastKnownFileType = wrapper.framework; name = MediaPlayer.framework; path = System/Library/Frameworks/MediaPlayer.framework; sourceTree = SDKROOT; };
		A1DF3AF414C4623700252C95 /* AVFoundation.framework */ = {isa = PBXFileReference; lastKnownFileType = wrapper.framework; name = AVFoundation.framework; path = System/Library/Frameworks/AVFoundation.framework; sourceTree = SDKROOT; };
		A1EB94071DD7DDB600ED8159 /* NSUserDefaults+AirFloatAdditions.h */ = {isa = PBXFileReference; fileEncoding = 4; lastKnownFileType = sourcecode.c.h; path = "NSUserDefaults+AirFloatAdditions.h"; sourceTree = "<group>"; };
		A1EB94081DD7DDB600ED8159 /* NSUserDefaults+AirFloatAdditions.m */ = {isa = PBXFileReference; fileEncoding = 4; lastKnownFileType = sourcecode.c.objc; path = "NSUserDefaults+AirFloatAdditions.m"; sourceTree = "<group>"; };
/* End PBXFileReference section */

/* Begin PBXFrameworksBuildPhase section */
		4898F9EB13CDAAD1006EC97E /* Frameworks */ = {
			isa = PBXFrameworksBuildPhase;
			buildActionMask = 2147483647;
			files = (
				C001F1F41CD888C1005954E3 /* liblibairfloat.a in Frameworks */,
				A1ACB4F416FA286F008E4C4F /* OpenGLES.framework in Frameworks */,
				A1ACB4EE16FA2264008E4C4F /* CoreImage.framework in Frameworks */,
				A13F21C716ED10A900365A6D /* CFNetwork.framework in Frameworks */,
				A194311F14D46878009FC07B /* CoreAudio.framework in Frameworks */,
				A1389E1F14E43684004FE040 /* SystemConfiguration.framework in Frameworks */,
				A1DE598714CF163500A6767D /* MediaPlayer.framework in Frameworks */,
				A1DF3AF514C4623700252C95 /* AVFoundation.framework in Frameworks */,
				4898FA9713CF2D6C006EC97E /* AudioToolbox.framework in Frameworks */,
				4898FA9513CF17BC006EC97E /* QuartzCore.framework in Frameworks */,
				4898F9F313CDAAD1006EC97E /* UIKit.framework in Frameworks */,
				4898F9F513CDAAD1006EC97E /* Foundation.framework in Frameworks */,
				4898F9F713CDAAD1006EC97E /* CoreGraphics.framework in Frameworks */,
			);
			runOnlyForDeploymentPostprocessing = 0;
		};
/* End PBXFrameworksBuildPhase section */

/* Begin PBXGroup section */
		4898F9E313CDAAD1006EC97E = {
			isa = PBXGroup;
			children = (
				4898F9F813CDAAD1006EC97E /* AirFloat */,
				4898F9EF13CDAAD1006EC97E /* Products */,
				C001F23F1CD89645005954E3 /* libairfloat */,
			);
			sourceTree = "<group>";
		};
		4898F9EF13CDAAD1006EC97E /* Products */ = {
			isa = PBXGroup;
			children = (
				4898F9EE13CDAAD1006EC97E /* AirFloat.app */,
			);
			name = Products;
			sourceTree = "<group>";
		};
		4898F9F113CDAAD1006EC97E /* Frameworks */ = {
			isa = PBXGroup;
			children = (
				A17E9233152DA909000331D3 /* libz.1.tbd */,
				A1ACB4F316FA286F008E4C4F /* OpenGLES.framework */,
				A1ACB4ED16FA2264008E4C4F /* CoreImage.framework */,
				A1389E1E14E43683004FE040 /* SystemConfiguration.framework */,
				A194311E14D46878009FC07B /* CoreAudio.framework */,
				A1DE598614CF163500A6767D /* MediaPlayer.framework */,
				A1DF3AF414C4623700252C95 /* AVFoundation.framework */,
				4898FA9613CF2D6C006EC97E /* AudioToolbox.framework */,
				4898FA9413CF17BC006EC97E /* QuartzCore.framework */,
				4898F9F213CDAAD1006EC97E /* UIKit.framework */,
				4898F9F413CDAAD1006EC97E /* Foundation.framework */,
				4898F9F613CDAAD1006EC97E /* CoreGraphics.framework */,
				A13F21C616ED10A900365A6D /* CFNetwork.framework */,
			);
			name = Frameworks;
			path = ..;
			sourceTree = "<group>";
		};
		4898F9F813CDAAD1006EC97E /* AirFloat */ = {
			isa = PBXGroup;
			children = (
				4898FA0113CDAAD1006EC97E /* AirFloatAppDelegate.h */,
				4898FA0213CDAAD1006EC97E /* AirFloatAppDelegate.m */,
				A116EA8B16EE6278005530E9 /* Source */,
				4898F9F913CDAAD1006EC97E /* Supporting Files */,
				A1B3E3DE14CE09A300379E8C /* Additions */,
				4898F9F113CDAAD1006EC97E /* Frameworks */,
			);
			path = AirFloat;
			sourceTree = "<group>";
		};
		4898F9F913CDAAD1006EC97E /* Supporting Files */ = {
			isa = PBXGroup;
			children = (
				A188ECF0150BD6C200CC089E /* Graphics */,
				A188ECF1150BD6CD00CC089E /* XIBs */,
				A188ECF2150BD6EA00CC089E /* Other */,
			);
			name = "Supporting Files";
			sourceTree = "<group>";
		};
		A116EA8B16EE6278005530E9 /* Source */ = {
			isa = PBXGroup;
			children = (
				A116EA8F16EE629C005530E9 /* View Controllers */,
				A1594D9916FCB22900D14269 /* Controls */,
				A12B7AF914FDCBCE0068538D /* Views */,
				A1ACB4EF16FA2345008E4C4F /* Categories */,
			);
			name = Source;
			sourceTree = "<group>";
		};
		A116EA8F16EE629C005530E9 /* View Controllers */ = {
			isa = PBXGroup;
			children = (
				A116EA8C16EE6297005530E9 /* AppViewController.h */,
				A116EA8D16EE6297005530E9 /* AppViewController.m */,
				A146A93516FA625600698A49 /* SupportViewController.h */,
				A146A93616FA625600698A49 /* SupportViewController.m */,
				A129DD7B16F94D02004AA3BD /* SettingsViewController.h */,
				A129DD7C16F94D02004AA3BD /* SettingsViewController.m */,
				A176B6F517385FD600024A3D /* PanelViewController.h */,
				A176B6F617385FD600024A3D /* PanelViewController.m */,
			);
			name = "View Controllers";
			sourceTree = "<group>";
		};
		A12B7AF914FDCBCE0068538D /* Views */ = {
			isa = PBXGroup;
			children = (
				A129DD6116F93586004AA3BD /* AirFloatReflectionView.h */,
				A129DD6216F93586004AA3BD /* AirFloatReflectionView.m */,
				A116EA8416EE448D005530E9 /* AirFloatFlipInView.h */,
				A116EA8516EE448D005530E9 /* AirFloatFlipInView.m */,
				A12B7AFB14FDCBE20068538D /* AirFloatAdView.h */,
				A12B7AFC14FDCBE20068538D /* AirFloatAdView.m */,
			);
			name = Views;
			sourceTree = "<group>";
		};
		A146A93216FA5C0300698A49 /* Support */ = {
			isa = PBXGroup;
			children = (
				A146A93E16FB059100698A49 /* PayPalDonate.png */,
				A146A93F16FB059100698A49 /* PayPalDonate@2x.png */,
				A146A93A16FA6E1A00698A49 /* AirFloatLogo-Support.png */,
				A146A93B16FA6E1A00698A49 /* AirFloatLogo-Support@2x.png */,
				A146A93316FA5C1000698A49 /* Support.html */,
			);
			name = Support;
			sourceTree = "<group>";
		};
		A1594D9916FCB22900D14269 /* Controls */ = {
			isa = PBXGroup;
			children = (
				A10392D814E9B6C400DB356F /* AirFloatBarButton.h */,
				A10392D914E9B6C400DB356F /* AirFloatBarButton.m */,
				A1594D9A16FCB24100D14269 /* AirFloatSwitch.h */,
				A1594D9B16FCB24100D14269 /* AirFloatSwitch.m */,
				A174B37616FB0F4C0063035C /* AirFloatScrollingLabel.h */,
				A174B37716FB0F4C0063035C /* AirFloatScrollingLabel.m */,
			);
			name = Controls;
			sourceTree = "<group>";
		};
		A1594D9D16FCB56400D14269 /* Switch */ = {
			isa = PBXGroup;
			children = (
				A1594DA616FCC02600D14269 /* SettingsSwitchKnob.png */,
				A1594DA716FCC02600D14269 /* SettingsSwitchKnob@2x.png */,
				A1594DA816FCC02600D14269 /* SettingsSwitchKnobOff.png */,
				A1594DA916FCC02600D14269 /* SettingsSwitchKnobOff@2x.png */,
				A1594DAA16FCC02600D14269 /* SettingsSwitchKnobOn.png */,
				A1594DAB16FCC02600D14269 /* SettingsSwitchKnobOn@2x.png */,
				A1594D9E16FCB59D00D14269 /* SettingsSwitchBackground.png */,
				A1594D9F16FCB59D00D14269 /* SettingsSwitchBackground@2x.png */,
				A1594DA016FCB59D00D14269 /* SettingsSwitchBackgroundHighlighted.png */,
				A1594DA116FCB59D00D14269 /* SettingsSwitchBackgroundHighlighted@2x.png */,
			);
			name = Switch;
			sourceTree = "<group>";
		};
		A174B37D16FC70F20063035C /* Settings */ = {
			isa = PBXGroup;
			children = (
				A1594D9D16FCB56400D14269 /* Switch */,
				A1594D9516FCAB7A00D14269 /* SettingsInputClearButton.png */,
				A1594D9616FCAB7A00D14269 /* SettingsInputClearButton@2x.png */,
				A1594D9116FCA38C00D14269 /* SettingsInputBackground.png */,
				A1594D9216FCA38C00D14269 /* SettingsInputBackground@2x.png */,
				A1594DB216FD231800D14269 /* SettingsInputHighlightedBackground.png */,
				A1594DB316FD231800D14269 /* SettingsInputHighlightedBackground@2x.png */,
				A174B37E16FC71050063035C /* SettingsGroupBackground.png */,
				A174B37F16FC71050063035C /* SettingsGroupBackground@2x.png */,
			);
			name = Settings;
			sourceTree = "<group>";
		};
		A188ECE5150BD56C00CC089E /* App Graphics */ = {
			isa = PBXGroup;
			children = (
				A1C7F79B1500D2B600D7DE52 /* Default.png */,
				A1C7F7991500D22100D7DE52 /* Default@2x.png */,
				A144E3AC1B7E45E600A6CE44 /* Default-414w-736h@3x~iphone.png */,
				A17D49DA163E7A4C00A94C23 /* Default-568h@2x.png */,
				A144E3AA1B7E440200A6CE44 /* Default-375w-667h@2x~iphone.png */,
				A176B70D1739013A00024A3D /* Default-Landscape@2x~ipad.png */,
				A176B70B1739013100024A3D /* Default-Landscape~ipad.png */,
				A176B7091739012600024A3D /* Default-Portrait@2x~ipad.png */,
				A176B7071739011400024A3D /* Default-Portrait~ipad.png */,
				4898FA7D13CDB6C2006EC97E /* Icon.png */,
				4898FA7B13CDB6B9006EC97E /* Icon@2x.png */,
				A176B6FD17386ADF00024A3D /* Icon-72@2x.png */,
				A176B6FB17386ADD00024A3D /* Icon-72.png */,
			);
			name = "App Graphics";
			sourceTree = "<group>";
		};
		A188ECE8150BD5A300CC089E /* Application Wide */ = {
			isa = PBXGroup;
			children = (
				A10392CF14E9B58400DB356F /* BarButton.png */,
				A10392D014E9B58400DB356F /* BarButton@2x.png */,
				A10392D114E9B58400DB356F /* BarButtonHighlighted.png */,
				A10392D214E9B58400DB356F /* BarButtonHighlighted@2x.png */,
			);
			name = "Application Wide";
			sourceTree = "<group>";
		};
		A188ECEA150BD5D700CC089E /* Connect Intro */ = {
			isa = PBXGroup;
			children = (
				A176B701173879E300024A3D /* iPadiPad.jpg */,
				A176B702173879E300024A3D /* iPhoneiPad.jpg */,
				A176B703173879E300024A3D /* iTunesiPad.jpg */,
				A176B6FF173877F800024A3D /* Images~ipad.plist */,
				A12B7B0514FDCCB20068538D /* Images.plist */,
				A15F64FF151A368200A7D712 /* iPhone.jpg */,
				A15F6500151A368200A7D712 /* iPhone@2x.jpg */,
				A15F64FB151A35A100A7D712 /* iPad.jpg */,
				A15F64FC151A35A200A7D712 /* iPad@2x.jpg */,
				A15F64F9151A344500A7D712 /* iTunes.jpg */,
				A15F64F7151A343A00A7D712 /* iTunes@2x.jpg */,
			);
			name = "Connect Intro";
			sourceTree = "<group>";
		};
		A188ECED150BD62500CC089E /* Streaming */ = {
			isa = PBXGroup;
			children = (
				A188ECEE150BD65B00CC089E /* Controls */,
				A1389E0F14E41AFF004FE040 /* BottomBar.png */,
				A10ECCA714E4F94400C1BFAA /* BottomBar@2x.png */,
				A1389E0B14E41A87004FE040 /* NoArtwork~iphone.png */,
				A1389E0C14E41A87004FE040 /* NoArtwork@2x~iphone.png */,
				A176B70F1739081700024A3D /* NoArtwork~ipad.png */,
				A176B7101739081700024A3D /* NoArtwork@2x~ipad.png */,
				A10ECCA914E4F95000C1BFAA /* ArtworkFalloff.png */,
				A10ECCAA14E4F95000C1BFAA /* ArtworkFalloff@2x.png */,
				A1389E0714E417E6004FE040 /* TopBar.png */,
				A1389E0814E417E6004FE040 /* TopBar@2x.png */,
			);
			name = Streaming;
			sourceTree = "<group>";
		};
		A188ECEE150BD65B00CC089E /* Controls */ = {
			isa = PBXGroup;
			children = (
				A10EB41614E8374F00615CDB /* Next.png */,
				A10EB41714E8374F00615CDB /* Next@2x.png */,
				A10EB41814E8374F00615CDB /* Pause.png */,
				A10EB41914E8374F00615CDB /* Pause@2x.png */,
				A10EB41A14E8374F00615CDB /* Play.png */,
				A10EB41B14E8374F00615CDB /* Play@2x.png */,
				A10EB41C14E8374F00615CDB /* Prev.png */,
				A10EB41D14E8374F00615CDB /* Prev@2x.png */,
			);
			name = Controls;
			sourceTree = "<group>";
		};
		A188ECF0150BD6C200CC089E /* Graphics */ = {
			isa = PBXGroup;
			children = (
				A174B37916FBD9390063035C /* Malfunction.png */,
				A174B37A16FBD9390063035C /* Malfunction@2x.png */,
				A174B37D16FC70F20063035C /* Settings */,
				A146A93216FA5C0300698A49 /* Support */,
				A188ECE8150BD5A300CC089E /* Application Wide */,
				A188ECE5150BD56C00CC089E /* App Graphics */,
				A188ECEA150BD5D700CC089E /* Connect Intro */,
				A188ECED150BD62500CC089E /* Streaming */,
			);
			name = Graphics;
			sourceTree = "<group>";
		};
		A188ECF1150BD6CD00CC089E /* XIBs */ = {
			isa = PBXGroup;
			children = (
				A14328CD16F8DFD0003AFC5D /* AppViewController.xib */,
				A129DD5F16F909C1004AA3BD /* SettingsViewController.xib */,
				A146A93716FA625600698A49 /* SupportViewController.xib */,
			);
			name = XIBs;
			sourceTree = "<group>";
		};
		A188ECF2150BD6EA00CC089E /* Other */ = {
			isa = PBXGroup;
			children = (
				4898F9FA13CDAAD1006EC97E /* AirFloat-Info.plist */,
				4898F9FE13CDAAD1006EC97E /* AirFloat-Prefix.pch */,
				4898F9FF13CDAAD1006EC97E /* main.m */,
			);
			name = Other;
			sourceTree = "<group>";
		};
		A1ACB4EF16FA2345008E4C4F /* Categories */ = {
			isa = PBXGroup;
			children = (
				A1ACB4F016FA2350008E4C4F /* UIImage+AirFloatAdditions.h */,
				A1ACB4F116FA2350008E4C4F /* UIImage+AirFloatAdditions.m */,
				A1594DB616FD29DD00D14269 /* UIView+AirFloatAdditions.h */,
				A1594DB716FD29DD00D14269 /* UIView+AirFloatAdditions.m */,
				A1EB94071DD7DDB600ED8159 /* NSUserDefaults+AirFloatAdditions.h */,
				A1EB94081DD7DDB600ED8159 /* NSUserDefaults+AirFloatAdditions.m */,
			);
			name = Categories;
			sourceTree = "<group>";
		};
		A1B3E3DE14CE09A300379E8C /* Additions */ = {
			isa = PBXGroup;
			children = (
			);
			name = Additions;
			sourceTree = "<group>";
		};
		C001F1EC1CD8880B005954E3 /* Products */ = {
			isa = PBXGroup;
			children = (
				C001F1F01CD8880B005954E3 /* liblibairfloat.a */,
			);
			name = Products;
			sourceTree = "<group>";
		};
		C001F23F1CD89645005954E3 /* libairfloat */ = {
			isa = PBXGroup;
			children = (
				A12CB482195047B30093C7AE /* libairfloat.xcodeproj */,
			);
			name = libairfloat;
			sourceTree = "<group>";
		};
/* End PBXGroup section */

/* Begin PBXNativeTarget section */
		4898F9ED13CDAAD1006EC97E /* AirFloat */ = {
			isa = PBXNativeTarget;
			buildConfigurationList = 4898FA0F13CDAAD1006EC97E /* Build configuration list for PBXNativeTarget "AirFloat" */;
			buildPhases = (
				4898F9EA13CDAAD1006EC97E /* Sources */,
				4898F9EB13CDAAD1006EC97E /* Frameworks */,
				4898F9EC13CDAAD1006EC97E /* Resources */,
				A1C7F7B5150104E100D7DE52 /* ShellScript */,
			);
			buildRules = (
			);
			dependencies = (
				C001F1F31CD888BC005954E3 /* PBXTargetDependency */,
			);
			name = AirFloat;
			productName = AirFloat;
			productReference = 4898F9EE13CDAAD1006EC97E /* AirFloat.app */;
			productType = "com.apple.product-type.application";
		};
/* End PBXNativeTarget section */

/* Begin PBXProject section */
		4898F9E513CDAAD1006EC97E /* Project object */ = {
			isa = PBXProject;
			attributes = {
				LastUpgradeCheck = 0930;
				TargetAttributes = {
					4898F9ED13CDAAD1006EC97E = {
						DevelopmentTeam = 7N2692P6PL;
					};
				};
			};
			buildConfigurationList = 4898F9E813CDAAD1006EC97E /* Build configuration list for PBXProject "AirFloat" */;
			compatibilityVersion = "Xcode 3.2";
			developmentRegion = English;
			hasScannedForEncodings = 0;
			knownRegions = (
				en,
				Base,
			);
			mainGroup = 4898F9E313CDAAD1006EC97E;
			productRefGroup = 4898F9EF13CDAAD1006EC97E /* Products */;
			projectDirPath = "";
			projectReferences = (
				{
					ProductGroup = C001F1EC1CD8880B005954E3 /* Products */;
					ProjectRef = A12CB482195047B30093C7AE /* libairfloat.xcodeproj */;
				},
			);
			projectRoot = "";
			targets = (
				4898F9ED13CDAAD1006EC97E /* AirFloat */,
			);
		};
/* End PBXProject section */

/* Begin PBXReferenceProxy section */
		C001F1F01CD8880B005954E3 /* liblibairfloat.a */ = {
			isa = PBXReferenceProxy;
			fileType = archive.ar;
			path = liblibairfloat.a;
			remoteRef = C001F1EF1CD8880B005954E3 /* PBXContainerItemProxy */;
			sourceTree = BUILT_PRODUCTS_DIR;
		};
/* End PBXReferenceProxy section */

/* Begin PBXResourcesBuildPhase section */
		4898F9EC13CDAAD1006EC97E /* Resources */ = {
			isa = PBXResourcesBuildPhase;
			buildActionMask = 2147483647;
			files = (
				4898FA7C13CDB6B9006EC97E /* Icon@2x.png in Resources */,
				4898FA7E13CDB6C2006EC97E /* Icon.png in Resources */,
				A1389E0914E417E6004FE040 /* TopBar.png in Resources */,
				A1389E0A14E417E6004FE040 /* TopBar@2x.png in Resources */,
				A1389E0D14E41A87004FE040 /* NoArtwork~iphone.png in Resources */,
				A1389E0E14E41A87004FE040 /* NoArtwork@2x~iphone.png in Resources */,
				A1389E1014E41AFF004FE040 /* BottomBar.png in Resources */,
				A10ECCA814E4F94400C1BFAA /* BottomBar@2x.png in Resources */,
				A10ECCAB14E4F95000C1BFAA /* ArtworkFalloff.png in Resources */,
				A10ECCAC14E4F95000C1BFAA /* ArtworkFalloff@2x.png in Resources */,
				A144E3AD1B7E45E600A6CE44 /* Default-414w-736h@3x~iphone.png in Resources */,
				A10EB41E14E8374F00615CDB /* Next.png in Resources */,
				A10EB41F14E8374F00615CDB /* Next@2x.png in Resources */,
				A10EB42014E8374F00615CDB /* Pause.png in Resources */,
				A10EB42114E8374F00615CDB /* Pause@2x.png in Resources */,
				A10EB42214E8374F00615CDB /* Play.png in Resources */,
				A10EB42314E8374F00615CDB /* Play@2x.png in Resources */,
				A10EB42414E8374F00615CDB /* Prev.png in Resources */,
				A10EB42514E8374F00615CDB /* Prev@2x.png in Resources */,
				A10392D314E9B58400DB356F /* BarButton.png in Resources */,
				A10392D414E9B58400DB356F /* BarButton@2x.png in Resources */,
				A10392D514E9B58400DB356F /* BarButtonHighlighted.png in Resources */,
				A10392D614E9B58400DB356F /* BarButtonHighlighted@2x.png in Resources */,
				A12B7B0914FDCCB20068538D /* Images.plist in Resources */,
				A1C7F79A1500D22100D7DE52 /* Default@2x.png in Resources */,
				A1C7F79C1500D2B600D7DE52 /* Default.png in Resources */,
				A15F64F8151A343A00A7D712 /* iTunes@2x.jpg in Resources */,
				A15F64FA151A344500A7D712 /* iTunes.jpg in Resources */,
				A15F64FD151A35A200A7D712 /* iPad.jpg in Resources */,
				A15F64FE151A35A200A7D712 /* iPad@2x.jpg in Resources */,
				A15F6501151A368200A7D712 /* iPhone.jpg in Resources */,
				A15F6502151A368200A7D712 /* iPhone@2x.jpg in Resources */,
				A17D49DB163E7A4C00A94C23 /* Default-568h@2x.png in Resources */,
				A14328CE16F8DFD0003AFC5D /* AppViewController.xib in Resources */,
				A129DD6016F909C1004AA3BD /* SettingsViewController.xib in Resources */,
				A146A93416FA5C1000698A49 /* Support.html in Resources */,
				A146A93916FA625600698A49 /* SupportViewController.xib in Resources */,
				A146A93C16FA6E1B00698A49 /* AirFloatLogo-Support.png in Resources */,
				A146A93D16FA6E1B00698A49 /* AirFloatLogo-Support@2x.png in Resources */,
				A146A94016FB059100698A49 /* PayPalDonate.png in Resources */,
				A146A94116FB059100698A49 /* PayPalDonate@2x.png in Resources */,
				A174B37B16FBD9390063035C /* Malfunction.png in Resources */,
				A174B37C16FBD9390063035C /* Malfunction@2x.png in Resources */,
				A174B38016FC71050063035C /* SettingsGroupBackground.png in Resources */,
				A174B38116FC71050063035C /* SettingsGroupBackground@2x.png in Resources */,
				A144E3AB1B7E440200A6CE44 /* Default-375w-667h@2x~iphone.png in Resources */,
				A1594D9316FCA38C00D14269 /* SettingsInputBackground.png in Resources */,
				A1594D9416FCA38C00D14269 /* SettingsInputBackground@2x.png in Resources */,
				A1594D9716FCAB7A00D14269 /* SettingsInputClearButton.png in Resources */,
				A1594D9816FCAB7A00D14269 /* SettingsInputClearButton@2x.png in Resources */,
				A1594DA216FCB59D00D14269 /* SettingsSwitchBackground.png in Resources */,
				A1594DA316FCB59D00D14269 /* SettingsSwitchBackground@2x.png in Resources */,
				A1594DA416FCB59D00D14269 /* SettingsSwitchBackgroundHighlighted.png in Resources */,
				A1594DA516FCB59D00D14269 /* SettingsSwitchBackgroundHighlighted@2x.png in Resources */,
				A1594DAC16FCC02600D14269 /* SettingsSwitchKnob.png in Resources */,
				A1594DAD16FCC02600D14269 /* SettingsSwitchKnob@2x.png in Resources */,
				A1594DAE16FCC02600D14269 /* SettingsSwitchKnobOff.png in Resources */,
				A1594DAF16FCC02600D14269 /* SettingsSwitchKnobOff@2x.png in Resources */,
				A1594DB016FCC02600D14269 /* SettingsSwitchKnobOn.png in Resources */,
				A1594DB116FCC02600D14269 /* SettingsSwitchKnobOn@2x.png in Resources */,
				A1594DB416FD231900D14269 /* SettingsInputHighlightedBackground.png in Resources */,
				A1594DB516FD231900D14269 /* SettingsInputHighlightedBackground@2x.png in Resources */,
				A176B6FC17386ADD00024A3D /* Icon-72.png in Resources */,
				A176B6FE17386ADF00024A3D /* Icon-72@2x.png in Resources */,
				A176B700173877F800024A3D /* Images~ipad.plist in Resources */,
				A176B704173879E300024A3D /* iPadiPad.jpg in Resources */,
				A176B705173879E300024A3D /* iPhoneiPad.jpg in Resources */,
				A176B706173879E300024A3D /* iTunesiPad.jpg in Resources */,
				A176B7081739011400024A3D /* Default-Portrait~ipad.png in Resources */,
				A176B70A1739012600024A3D /* Default-Portrait@2x~ipad.png in Resources */,
				A176B70C1739013100024A3D /* Default-Landscape~ipad.png in Resources */,
				A176B70E1739013A00024A3D /* Default-Landscape@2x~ipad.png in Resources */,
				A176B7111739081700024A3D /* NoArtwork~ipad.png in Resources */,
				A176B7121739081700024A3D /* NoArtwork@2x~ipad.png in Resources */,
			);
			runOnlyForDeploymentPostprocessing = 0;
		};
/* End PBXResourcesBuildPhase section */

/* Begin PBXShellScriptBuildPhase section */
		A1C7F7B5150104E100D7DE52 /* ShellScript */ = {
			isa = PBXShellScriptBuildPhase;
			buildActionMask = 2147483647;
			files = (
			);
			inputPaths = (
			);
			outputPaths = (
			);
			runOnlyForDeploymentPostprocessing = 0;
			shellPath = /bin/sh;
			shellScript = "buildNumber=$(/usr/libexec/PlistBuddy -c \"Print CFBundleVersion\" AirFloat/AirFloat-Info.plist)\nbuildNumber=$(($buildNumber + 1))\n/usr/libexec/PlistBuddy -c \"Set :CFBundleVersion $buildNumber\" AirFloat/AirFloat-Info.plist";
		};
/* End PBXShellScriptBuildPhase section */

/* Begin PBXSourcesBuildPhase section */
		4898F9EA13CDAAD1006EC97E /* Sources */ = {
			isa = PBXSourcesBuildPhase;
			buildActionMask = 2147483647;
			files = (
				4898FA0013CDAAD1006EC97E /* main.m in Sources */,
				4898FA0313CDAAD1006EC97E /* AirFloatAppDelegate.m in Sources */,
				A10392DA14E9B6C400DB356F /* AirFloatBarButton.m in Sources */,
				A12B7AFF14FDCBE20068538D /* AirFloatAdView.m in Sources */,
				A116EA8616EE448D005530E9 /* AirFloatFlipInView.m in Sources */,
				A116EA8E16EE6297005530E9 /* AppViewController.m in Sources */,
				A129DD6316F93586004AA3BD /* AirFloatReflectionView.m in Sources */,
				A1EB94091DD7DDB600ED8159 /* NSUserDefaults+AirFloatAdditions.m in Sources */,
				A129DD7D16F94D02004AA3BD /* SettingsViewController.m in Sources */,
				A1ACB4F216FA2350008E4C4F /* UIImage+AirFloatAdditions.m in Sources */,
				A146A93816FA625600698A49 /* SupportViewController.m in Sources */,
				A174B37816FB0F4C0063035C /* AirFloatScrollingLabel.m in Sources */,
				A1594D9C16FCB24100D14269 /* AirFloatSwitch.m in Sources */,
				A1594DB816FD29DD00D14269 /* UIView+AirFloatAdditions.m in Sources */,
				A176B6F717385FD600024A3D /* PanelViewController.m in Sources */,
			);
			runOnlyForDeploymentPostprocessing = 0;
		};
/* End PBXSourcesBuildPhase section */

/* Begin PBXTargetDependency section */
		C001F1F31CD888BC005954E3 /* PBXTargetDependency */ = {
			isa = PBXTargetDependency;
			name = libairfloat;
			targetProxy = C001F1F21CD888BC005954E3 /* PBXContainerItemProxy */;
		};
/* End PBXTargetDependency section */

/* Begin XCBuildConfiguration section */
		4898FA0D13CDAAD1006EC97E /* Debug */ = {
			isa = XCBuildConfiguration;
			buildSettings = {
				ALWAYS_SEARCH_USER_PATHS = NO;
				CLANG_WARN_BLOCK_CAPTURE_AUTORELEASING = YES;
				CLANG_WARN_BOOL_CONVERSION = YES;
				CLANG_WARN_COMMA = YES;
				CLANG_WARN_CONSTANT_CONVERSION = YES;
				CLANG_WARN_DEPRECATED_OBJC_IMPLEMENTATIONS = YES;
				CLANG_WARN_EMPTY_BODY = YES;
				CLANG_WARN_ENUM_CONVERSION = YES;
				CLANG_WARN_INFINITE_RECURSION = YES;
				CLANG_WARN_INT_CONVERSION = YES;
				CLANG_WARN_NON_LITERAL_NULL_CONVERSION = YES;
				CLANG_WARN_OBJC_IMPLICIT_RETAIN_SELF = YES;
				CLANG_WARN_OBJC_LITERAL_CONVERSION = YES;
				CLANG_WARN_RANGE_LOOP_ANALYSIS = YES;
				CLANG_WARN_STRICT_PROTOTYPES = YES;
				CLANG_WARN_SUSPICIOUS_MOVE = YES;
				CLANG_WARN_UNREACHABLE_CODE = YES;
				CLANG_WARN__DUPLICATE_METHOD_MATCH = YES;
				CODE_SIGN_IDENTITY = "iPhone Developer";
				ENABLE_BITCODE = NO;
				ENABLE_STRICT_OBJC_MSGSEND = YES;
				ENABLE_TESTABILITY = YES;
				GCC_C_LANGUAGE_STANDARD = gnu99;
				GCC_NO_COMMON_BLOCKS = YES;
				GCC_OPTIMIZATION_LEVEL = 0;
				GCC_PRECOMPILE_PREFIX_HEADER = YES;
				GCC_PREFIX_HEADER = "AirFloat/AirFloat-Prefix.pch";
				GCC_THUMB_SUPPORT = NO;
				GCC_VERSION = "";
				GCC_WARN_64_TO_32_BIT_CONVERSION = YES;
				GCC_WARN_ABOUT_RETURN_TYPE = YES;
				GCC_WARN_INHIBIT_ALL_WARNINGS = NO;
				GCC_WARN_UNDECLARED_SELECTOR = YES;
				GCC_WARN_UNINITIALIZED_AUTOS = YES;
				GCC_WARN_UNUSED_FUNCTION = YES;
				GCC_WARN_UNUSED_VARIABLE = YES;
				HEADER_SEARCH_PATHS = "\"$(SRCROOT)/libairfloat\"";
				IPHONEOS_DEPLOYMENT_TARGET = 8.0;
				MACOSX_DEPLOYMENT_TARGET = 10.8;
				ONLY_ACTIVE_ARCH = YES;
				OTHER_CFLAGS = (
					"-DDEBUG",
					"-DALLOW_LOCALHOST",
					"-DUSE_BSD_SOCKETS",
				);
				OTHER_LDFLAGS = (
					"-all_load",
					"-ObjC",
				);
				PRODUCT_BUNDLE_IDENTIFIER = com.tren.AirFloat;
				PRODUCT_NAME = "";
				SDKROOT = iphoneos;
				TARGETED_DEVICE_FAMILY = "1,2";
			};
			name = Debug;
		};
		4898FA0E13CDAAD1006EC97E /* Release */ = {
			isa = XCBuildConfiguration;
			buildSettings = {
				ALWAYS_SEARCH_USER_PATHS = NO;
				CLANG_WARN_BLOCK_CAPTURE_AUTORELEASING = YES;
				CLANG_WARN_BOOL_CONVERSION = YES;
				CLANG_WARN_COMMA = YES;
				CLANG_WARN_CONSTANT_CONVERSION = YES;
				CLANG_WARN_DEPRECATED_OBJC_IMPLEMENTATIONS = YES;
				CLANG_WARN_EMPTY_BODY = YES;
				CLANG_WARN_ENUM_CONVERSION = YES;
				CLANG_WARN_INFINITE_RECURSION = YES;
				CLANG_WARN_INT_CONVERSION = YES;
				CLANG_WARN_NON_LITERAL_NULL_CONVERSION = YES;
				CLANG_WARN_OBJC_IMPLICIT_RETAIN_SELF = YES;
				CLANG_WARN_OBJC_LITERAL_CONVERSION = YES;
				CLANG_WARN_RANGE_LOOP_ANALYSIS = YES;
				CLANG_WARN_STRICT_PROTOTYPES = YES;
				CLANG_WARN_SUSPICIOUS_MOVE = YES;
				CLANG_WARN_UNREACHABLE_CODE = YES;
				CLANG_WARN__DUPLICATE_METHOD_MATCH = YES;
				CODE_SIGN_IDENTITY = "iPhone Developer";
				ENABLE_BITCODE = NO;
				ENABLE_STRICT_OBJC_MSGSEND = YES;
				GCC_C_LANGUAGE_STANDARD = gnu99;
				GCC_NO_COMMON_BLOCKS = YES;
				GCC_PRECOMPILE_PREFIX_HEADER = YES;
				GCC_PREFIX_HEADER = "AirFloat/AirFloat-Prefix.pch";
				GCC_THUMB_SUPPORT = NO;
				GCC_VERSION = "";
				GCC_WARN_64_TO_32_BIT_CONVERSION = YES;
				GCC_WARN_UNDECLARED_SELECTOR = YES;
				GCC_WARN_UNINITIALIZED_AUTOS = YES;
				GCC_WARN_UNUSED_FUNCTION = YES;
				HEADER_SEARCH_PATHS = "\"$(SRCROOT)/libairfloat\"";
				INFOPLIST_FILE = "AirFloat/AirFloat-Info.plist";
				IPHONEOS_DEPLOYMENT_TARGET = 8.0;
				LIBRARY_SEARCH_PATHS = (
					"$(inherited)",
					"\"$(SRCROOT)/..\"",
					"\"$(SRCROOT)\"",
				);
				ONLY_ACTIVE_ARCH = YES;
				OTHER_CFLAGS = "-DUSE_BSD_SOCKETS";
				OTHER_LDFLAGS = (
					"-all_load",
					"-ObjC",
				);
				PRODUCT_BUNDLE_IDENTIFIER = com.tren.AirFloat;
				PRODUCT_NAME = "";
				SDKROOT = iphoneos;
				TARGETED_DEVICE_FAMILY = "1,2";
				VALIDATE_PRODUCT = YES;
			};
			name = Release;
		};
		4898FA1013CDAAD1006EC97E /* Debug */ = {
			isa = XCBuildConfiguration;
			buildSettings = {
				CLANG_ENABLE_OBJC_ARC = YES;
				DEVELOPMENT_TEAM = 7N2692P6PL;
				INFOPLIST_FILE = "AirFloat/AirFloat-Info.plist";
				PRODUCT_BUNDLE_IDENTIFIER = com.trenskow.airfloat;
				PRODUCT_NAME = AirFloat;
				WRAPPER_EXTENSION = app;
			};
			name = Debug;
		};
		4898FA1113CDAAD1006EC97E /* Release */ = {
			isa = XCBuildConfiguration;
			buildSettings = {
				CLANG_ENABLE_OBJC_ARC = YES;
				DEVELOPMENT_TEAM = 7N2692P6PL;
				INFOPLIST_FILE = "AirFloat/AirFloat-Info.plist";
				PRODUCT_BUNDLE_IDENTIFIER = com.trenskow.airfloat;
				PRODUCT_NAME = AirFloat;
				WRAPPER_EXTENSION = app;
			};
			name = Release;
		};
		A116EA6416EDFDC7005530E9 /* Release (Server Logs) */ = {
			isa = XCBuildConfiguration;
			buildSettings = {
				ALWAYS_SEARCH_USER_PATHS = NO;
				CLANG_WARN_BLOCK_CAPTURE_AUTORELEASING = YES;
				CLANG_WARN_BOOL_CONVERSION = YES;
				CLANG_WARN_COMMA = YES;
				CLANG_WARN_CONSTANT_CONVERSION = YES;
				CLANG_WARN_DEPRECATED_OBJC_IMPLEMENTATIONS = YES;
				CLANG_WARN_EMPTY_BODY = YES;
				CLANG_WARN_ENUM_CONVERSION = YES;
				CLANG_WARN_INFINITE_RECURSION = YES;
				CLANG_WARN_INT_CONVERSION = YES;
				CLANG_WARN_NON_LITERAL_NULL_CONVERSION = YES;
				CLANG_WARN_OBJC_IMPLICIT_RETAIN_SELF = YES;
				CLANG_WARN_OBJC_LITERAL_CONVERSION = YES;
				CLANG_WARN_RANGE_LOOP_ANALYSIS = YES;
				CLANG_WARN_STRICT_PROTOTYPES = YES;
				CLANG_WARN_SUSPICIOUS_MOVE = YES;
				CLANG_WARN_UNREACHABLE_CODE = YES;
				CLANG_WARN__DUPLICATE_METHOD_MATCH = YES;
				CODE_SIGN_IDENTITY = "iPhone Developer";
				ENABLE_BITCODE = NO;
				ENABLE_STRICT_OBJC_MSGSEND = YES;
				GCC_C_LANGUAGE_STANDARD = gnu99;
				GCC_NO_COMMON_BLOCKS = YES;
				GCC_PRECOMPILE_PREFIX_HEADER = YES;
				GCC_PREFIX_HEADER = "AirFloat/AirFloat-Prefix.pch";
				GCC_THUMB_SUPPORT = NO;
				GCC_VERSION = "";
				GCC_WARN_64_TO_32_BIT_CONVERSION = YES;
				GCC_WARN_ABOUT_RETURN_TYPE = YES;
				GCC_WARN_UNDECLARED_SELECTOR = YES;
				GCC_WARN_UNINITIALIZED_AUTOS = YES;
				GCC_WARN_UNUSED_FUNCTION = YES;
				GCC_WARN_UNUSED_VARIABLE = YES;
				HEADER_SEARCH_PATHS = "\"$(SRCROOT)/libairfloat\"";
				INFOPLIST_FILE = "";
				IPHONEOS_DEPLOYMENT_TARGET = 8.0;
				LIBRARY_SEARCH_PATHS = (
					"$(inherited)",
					"\"$(SRCROOT)/..\"",
					"\"$(SRCROOT)\"",
				);
				ONLY_ACTIVE_ARCH = YES;
				OTHER_CFLAGS = (
					"-DLOG_SERVER",
					"-DALLOW_LOCALHOST",
					"-DUSE_BSD_SOCKETS",
				);
				OTHER_LDFLAGS = (
					"-all_load",
					"-ObjC",
				);
				PRODUCT_BUNDLE_IDENTIFIER = com.tren.AirFloat;
				PRODUCT_NAME = "";
				SDKROOT = iphoneos;
				TARGETED_DEVICE_FAMILY = "1,2";
			};
			name = "Release (Server Logs)";
		};
		A116EA6516EDFDC7005530E9 /* Release (Server Logs) */ = {
			isa = XCBuildConfiguration;
			buildSettings = {
				CLANG_ENABLE_OBJC_ARC = YES;
				DEVELOPMENT_TEAM = 7N2692P6PL;
				INFOPLIST_FILE = "AirFloat/AirFloat-Info.plist";
				PRODUCT_BUNDLE_IDENTIFIER = com.trenskow.airfloat;
				PRODUCT_NAME = AirFloat;
				WRAPPER_EXTENSION = app;
			};
			name = "Release (Server Logs)";
		};
		A149209414E7323900849DC3 /* Debug (Server Logs) */ = {
			isa = XCBuildConfiguration;
			buildSettings = {
				ALWAYS_SEARCH_USER_PATHS = NO;
				CLANG_WARN_BLOCK_CAPTURE_AUTORELEASING = YES;
				CLANG_WARN_BOOL_CONVERSION = YES;
				CLANG_WARN_COMMA = YES;
				CLANG_WARN_CONSTANT_CONVERSION = YES;
				CLANG_WARN_DEPRECATED_OBJC_IMPLEMENTATIONS = YES;
				CLANG_WARN_EMPTY_BODY = YES;
				CLANG_WARN_ENUM_CONVERSION = YES;
				CLANG_WARN_INFINITE_RECURSION = YES;
				CLANG_WARN_INT_CONVERSION = YES;
				CLANG_WARN_NON_LITERAL_NULL_CONVERSION = YES;
				CLANG_WARN_OBJC_IMPLICIT_RETAIN_SELF = YES;
				CLANG_WARN_OBJC_LITERAL_CONVERSION = YES;
				CLANG_WARN_RANGE_LOOP_ANALYSIS = YES;
				CLANG_WARN_STRICT_PROTOTYPES = YES;
				CLANG_WARN_SUSPICIOUS_MOVE = YES;
				CLANG_WARN_UNREACHABLE_CODE = YES;
				CLANG_WARN__DUPLICATE_METHOD_MATCH = YES;
				CODE_SIGN_IDENTITY = "iPhone Developer";
				ENABLE_BITCODE = NO;
				ENABLE_STRICT_OBJC_MSGSEND = YES;
				ENABLE_TESTABILITY = YES;
				GCC_C_LANGUAGE_STANDARD = gnu99;
				GCC_NO_COMMON_BLOCKS = YES;
				GCC_OPTIMIZATION_LEVEL = 0;
				GCC_PRECOMPILE_PREFIX_HEADER = YES;
				GCC_PREFIX_HEADER = "AirFloat/AirFloat-Prefix.pch";
				GCC_THUMB_SUPPORT = NO;
				GCC_VERSION = "";
				GCC_WARN_64_TO_32_BIT_CONVERSION = YES;
				GCC_WARN_ABOUT_RETURN_TYPE = YES;
				GCC_WARN_UNDECLARED_SELECTOR = YES;
				GCC_WARN_UNINITIALIZED_AUTOS = YES;
				GCC_WARN_UNUSED_FUNCTION = YES;
				GCC_WARN_UNUSED_VARIABLE = YES;
				HEADER_SEARCH_PATHS = "\"$(SRCROOT)/libairfloat\"";
				INFOPLIST_FILE = "";
				IPHONEOS_DEPLOYMENT_TARGET = 8.0;
				LIBRARY_SEARCH_PATHS = (
					"$(inherited)",
					"\"$(SRCROOT)/..\"",
					"\"$(SRCROOT)\"",
				);
				ONLY_ACTIVE_ARCH = YES;
				OTHER_CFLAGS = (
					"-DDEBUG",
					"-DLOG_SERVER",
					"-DALLOW_LOCALHOST",
					"-DUSE_BSD_SOCKETS",
				);
				OTHER_LDFLAGS = (
					"-all_load",
					"-ObjC",
				);
				PRODUCT_BUNDLE_IDENTIFIER = com.tren.AirFloat;
				PRODUCT_NAME = "";
				SDKROOT = iphoneos;
				TARGETED_DEVICE_FAMILY = "1,2";
				VALIDATE_PRODUCT = YES;
			};
			name = "Debug (Server Logs)";
		};
		A149209514E7323900849DC3 /* Debug (Server Logs) */ = {
			isa = XCBuildConfiguration;
			buildSettings = {
				CLANG_ENABLE_OBJC_ARC = YES;
				DEVELOPMENT_TEAM = 7N2692P6PL;
				INFOPLIST_FILE = "AirFloat/AirFloat-Info.plist";
				PRODUCT_BUNDLE_IDENTIFIER = com.trenskow.airfloat;
				PRODUCT_NAME = AirFloat;
				WRAPPER_EXTENSION = app;
			};
			name = "Debug (Server Logs)";
		};
		A1A76011151B56B800728C9C /* App Store Distribution */ = {
			isa = XCBuildConfiguration;
			buildSettings = {
				ALWAYS_SEARCH_USER_PATHS = NO;
				CLANG_WARN_BLOCK_CAPTURE_AUTORELEASING = YES;
				CLANG_WARN_BOOL_CONVERSION = YES;
				CLANG_WARN_COMMA = YES;
				CLANG_WARN_CONSTANT_CONVERSION = YES;
				CLANG_WARN_DEPRECATED_OBJC_IMPLEMENTATIONS = YES;
				CLANG_WARN_EMPTY_BODY = YES;
				CLANG_WARN_ENUM_CONVERSION = YES;
				CLANG_WARN_INFINITE_RECURSION = YES;
				CLANG_WARN_INT_CONVERSION = YES;
				CLANG_WARN_NON_LITERAL_NULL_CONVERSION = YES;
				CLANG_WARN_OBJC_IMPLICIT_RETAIN_SELF = YES;
				CLANG_WARN_OBJC_LITERAL_CONVERSION = YES;
				CLANG_WARN_RANGE_LOOP_ANALYSIS = YES;
				CLANG_WARN_STRICT_PROTOTYPES = YES;
				CLANG_WARN_SUSPICIOUS_MOVE = YES;
				CLANG_WARN_UNREACHABLE_CODE = YES;
				CLANG_WARN__DUPLICATE_METHOD_MATCH = YES;
				CODE_SIGN_IDENTITY = "iPhone Developer";
				ENABLE_BITCODE = NO;
				ENABLE_STRICT_OBJC_MSGSEND = YES;
				GCC_C_LANGUAGE_STANDARD = gnu99;
				GCC_NO_COMMON_BLOCKS = YES;
				GCC_PRECOMPILE_PREFIX_HEADER = YES;
				GCC_PREFIX_HEADER = "AirFloat/AirFloat-Prefix.pch";
				GCC_THUMB_SUPPORT = NO;
				GCC_VERSION = "";
				GCC_WARN_64_TO_32_BIT_CONVERSION = YES;
				GCC_WARN_ABOUT_RETURN_TYPE = YES;
				GCC_WARN_UNDECLARED_SELECTOR = YES;
				GCC_WARN_UNINITIALIZED_AUTOS = YES;
				GCC_WARN_UNUSED_FUNCTION = YES;
				GCC_WARN_UNUSED_VARIABLE = YES;
				HEADER_SEARCH_PATHS = "\"$(SRCROOT)/libairfloat\"";
				INFOPLIST_FILE = "";
				IPHONEOS_DEPLOYMENT_TARGET = 8.0;
				LIBRARY_SEARCH_PATHS = (
					"$(inherited)",
					"\"$(SRCROOT)/..\"",
					"\"$(SRCROOT)\"",
				);
				ONLY_ACTIVE_ARCH = YES;
				OTHER_LDFLAGS = (
					"-all_load",
					"-ObjC",
				);
				PRODUCT_BUNDLE_IDENTIFIER = com.tren.AirFloat;
				PRODUCT_NAME = "";
				SDKROOT = iphoneos;
				TARGETED_DEVICE_FAMILY = "1,2";
				VALIDATE_PRODUCT = YES;
			};
			name = "App Store Distribution";
		};
		A1A76012151B56B800728C9C /* App Store Distribution */ = {
			isa = XCBuildConfiguration;
			buildSettings = {
				CLANG_ENABLE_OBJC_ARC = YES;
				DEVELOPMENT_TEAM = 7N2692P6PL;
				INFOPLIST_FILE = "AirFloat/AirFloat-Info.plist";
				PRODUCT_BUNDLE_IDENTIFIER = com.trenskow.airfloat;
				PRODUCT_NAME = AirFloat;
				WRAPPER_EXTENSION = app;
			};
			name = "App Store Distribution";
		};
		A1C7F7AA1501048400D7DE52 /* Ad Hoc Distribution */ = {
			isa = XCBuildConfiguration;
			buildSettings = {
				ALWAYS_SEARCH_USER_PATHS = NO;
				CLANG_WARN_BLOCK_CAPTURE_AUTORELEASING = YES;
				CLANG_WARN_BOOL_CONVERSION = YES;
				CLANG_WARN_COMMA = YES;
				CLANG_WARN_CONSTANT_CONVERSION = YES;
				CLANG_WARN_DEPRECATED_OBJC_IMPLEMENTATIONS = YES;
				CLANG_WARN_EMPTY_BODY = YES;
				CLANG_WARN_ENUM_CONVERSION = YES;
				CLANG_WARN_INFINITE_RECURSION = YES;
				CLANG_WARN_INT_CONVERSION = YES;
				CLANG_WARN_NON_LITERAL_NULL_CONVERSION = YES;
				CLANG_WARN_OBJC_IMPLICIT_RETAIN_SELF = YES;
				CLANG_WARN_OBJC_LITERAL_CONVERSION = YES;
				CLANG_WARN_RANGE_LOOP_ANALYSIS = YES;
				CLANG_WARN_STRICT_PROTOTYPES = YES;
				CLANG_WARN_SUSPICIOUS_MOVE = YES;
				CLANG_WARN_UNREACHABLE_CODE = YES;
				CLANG_WARN__DUPLICATE_METHOD_MATCH = YES;
				CODE_SIGN_IDENTITY = "iPhone Developer";
				ENABLE_BITCODE = NO;
				ENABLE_STRICT_OBJC_MSGSEND = YES;
				GCC_C_LANGUAGE_STANDARD = gnu99;
				GCC_NO_COMMON_BLOCKS = YES;
				GCC_PRECOMPILE_PREFIX_HEADER = YES;
				GCC_PREFIX_HEADER = "AirFloat/AirFloat-Prefix.pch";
				GCC_THUMB_SUPPORT = NO;
				GCC_VERSION = "";
				GCC_WARN_64_TO_32_BIT_CONVERSION = YES;
				GCC_WARN_ABOUT_RETURN_TYPE = YES;
				GCC_WARN_UNDECLARED_SELECTOR = YES;
				GCC_WARN_UNINITIALIZED_AUTOS = YES;
				GCC_WARN_UNUSED_FUNCTION = YES;
				GCC_WARN_UNUSED_VARIABLE = YES;
				HEADER_SEARCH_PATHS = "\"$(SRCROOT)/libairfloat\"";
				INFOPLIST_FILE = "";
				IPHONEOS_DEPLOYMENT_TARGET = 8.0;
				LIBRARY_SEARCH_PATHS = (
					"$(inherited)",
					"\"$(SRCROOT)/..\"",
					"\"$(SRCROOT)\"",
				);
				ONLY_ACTIVE_ARCH = YES;
				OTHER_LDFLAGS = (
					"-all_load",
					"-ObjC",
				);
				PRODUCT_BUNDLE_IDENTIFIER = com.tren.AirFloat;
				PRODUCT_NAME = "";
				SDKROOT = iphoneos;
				TARGETED_DEVICE_FAMILY = "1,2";
				VALIDATE_PRODUCT = YES;
			};
			name = "Ad Hoc Distribution";
		};
		A1C7F7AB1501048400D7DE52 /* Ad Hoc Distribution */ = {
			isa = XCBuildConfiguration;
			buildSettings = {
				CLANG_ENABLE_OBJC_ARC = YES;
				DEVELOPMENT_TEAM = 7N2692P6PL;
				INFOPLIST_FILE = "AirFloat/AirFloat-Info.plist";
				PRODUCT_BUNDLE_IDENTIFIER = com.trenskow.airfloat;
				PRODUCT_NAME = AirFloat;
				WRAPPER_EXTENSION = app;
			};
			name = "Ad Hoc Distribution";
		};
		A1ECED8F16E8CFA500F8E7E3 /* Debug (Server Logs - ALAC Software) */ = {
			isa = XCBuildConfiguration;
			buildSettings = {
				ALWAYS_SEARCH_USER_PATHS = NO;
				CLANG_WARN_BLOCK_CAPTURE_AUTORELEASING = YES;
				CLANG_WARN_BOOL_CONVERSION = YES;
				CLANG_WARN_COMMA = YES;
				CLANG_WARN_CONSTANT_CONVERSION = YES;
				CLANG_WARN_DEPRECATED_OBJC_IMPLEMENTATIONS = YES;
				CLANG_WARN_EMPTY_BODY = YES;
				CLANG_WARN_ENUM_CONVERSION = YES;
				CLANG_WARN_INFINITE_RECURSION = YES;
				CLANG_WARN_INT_CONVERSION = YES;
				CLANG_WARN_NON_LITERAL_NULL_CONVERSION = YES;
				CLANG_WARN_OBJC_IMPLICIT_RETAIN_SELF = YES;
				CLANG_WARN_OBJC_LITERAL_CONVERSION = YES;
				CLANG_WARN_RANGE_LOOP_ANALYSIS = YES;
				CLANG_WARN_STRICT_PROTOTYPES = YES;
				CLANG_WARN_SUSPICIOUS_MOVE = YES;
				CLANG_WARN_UNREACHABLE_CODE = YES;
				CLANG_WARN__DUPLICATE_METHOD_MATCH = YES;
				CODE_SIGN_IDENTITY = "iPhone Developer";
				ENABLE_BITCODE = NO;
				ENABLE_STRICT_OBJC_MSGSEND = YES;
				ENABLE_TESTABILITY = YES;
				GCC_C_LANGUAGE_STANDARD = gnu99;
				GCC_NO_COMMON_BLOCKS = YES;
				GCC_OPTIMIZATION_LEVEL = 0;
				GCC_PRECOMPILE_PREFIX_HEADER = YES;
				GCC_PREFIX_HEADER = "AirFloat/AirFloat-Prefix.pch";
				GCC_THUMB_SUPPORT = NO;
				GCC_VERSION = "";
				GCC_WARN_64_TO_32_BIT_CONVERSION = YES;
				GCC_WARN_ABOUT_RETURN_TYPE = YES;
				GCC_WARN_UNDECLARED_SELECTOR = YES;
				GCC_WARN_UNINITIALIZED_AUTOS = YES;
				GCC_WARN_UNUSED_FUNCTION = YES;
				GCC_WARN_UNUSED_VARIABLE = YES;
				HEADER_SEARCH_PATHS = "\"$(SRCROOT)/libairfloat\"";
				INFOPLIST_FILE = "";
				IPHONEOS_DEPLOYMENT_TARGET = 8.0;
				LIBRARY_SEARCH_PATHS = (
					"$(inherited)",
					"\"$(SRCROOT)/..\"",
					"\"$(SRCROOT)\"",
				);
				ONLY_ACTIVE_ARCH = YES;
				OTHER_CFLAGS = (
					"-DDEBUG",
					"-DLOG_SERVER",
					"-DALAC_SOFTWARE",
					"-DUSE_BSD_SOCKETS",
					"-LOG_SERVER",
				);
				OTHER_LDFLAGS = (
					"-all_load",
					"-ObjC",
				);
				PRODUCT_BUNDLE_IDENTIFIER = com.tren.AirFloat;
				PRODUCT_NAME = "";
				SDKROOT = iphoneos;
				TARGETED_DEVICE_FAMILY = "1,2";
			};
			name = "Debug (Server Logs - ALAC Software)";
		};
		A1ECED9016E8CFA500F8E7E3 /* Debug (Server Logs - ALAC Software) */ = {
			isa = XCBuildConfiguration;
			buildSettings = {
				CLANG_ENABLE_OBJC_ARC = YES;
				DEVELOPMENT_TEAM = 7N2692P6PL;
				INFOPLIST_FILE = "AirFloat/AirFloat-Info.plist";
				PRODUCT_BUNDLE_IDENTIFIER = com.trenskow.airfloat;
				PRODUCT_NAME = AirFloat;
				WRAPPER_EXTENSION = app;
			};
			name = "Debug (Server Logs - ALAC Software)";
		};
/* End XCBuildConfiguration section */

/* Begin XCConfigurationList section */
		4898F9E813CDAAD1006EC97E /* Build configuration list for PBXProject "AirFloat" */ = {
			isa = XCConfigurationList;
			buildConfigurations = (
				4898FA0D13CDAAD1006EC97E /* Debug */,
				A149209414E7323900849DC3 /* Debug (Server Logs) */,
				A1ECED8F16E8CFA500F8E7E3 /* Debug (Server Logs - ALAC Software) */,
				4898FA0E13CDAAD1006EC97E /* Release */,
				A116EA6416EDFDC7005530E9 /* Release (Server Logs) */,
				A1A76011151B56B800728C9C /* App Store Distribution */,
				A1C7F7AA1501048400D7DE52 /* Ad Hoc Distribution */,
			);
			defaultConfigurationIsVisible = 0;
			defaultConfigurationName = Release;
		};
		4898FA0F13CDAAD1006EC97E /* Build configuration list for PBXNativeTarget "AirFloat" */ = {
			isa = XCConfigurationList;
			buildConfigurations = (
				4898FA1013CDAAD1006EC97E /* Debug */,
				A149209514E7323900849DC3 /* Debug (Server Logs) */,
				A1ECED9016E8CFA500F8E7E3 /* Debug (Server Logs - ALAC Software) */,
				4898FA1113CDAAD1006EC97E /* Release */,
				A116EA6516EDFDC7005530E9 /* Release (Server Logs) */,
				A1A76012151B56B800728C9C /* App Store Distribution */,
				A1C7F7AB1501048400D7DE52 /* Ad Hoc Distribution */,
			);
			defaultConfigurationIsVisible = 0;
			defaultConfigurationName = Release;
		};
/* End XCConfigurationList section */
	};
	rootObject = 4898F9E513CDAAD1006EC97E /* Project object */;
}
