// !$*UTF8*$!
{
	archiveVersion = 1;
	classes = {
	};
	objectVersion = 42;
	objects = {

/* Begin PBXFileReference section */
		9069D28C0FCE659A0042E34C /* libcrypto.a */ = {isa = PBXFileReference; explicitFileType = archive.ar; includeInIndex = 0; path = libcrypto.a; sourceTree = BUILT_PRODUCTS_DIR; };
/* End PBXFileReference section */

/* Begin PBXGroup section */
		9069D12D0FCE340B0042E34C = {
			isa = PBXGroup;
			children = (
				9069D25C0FCE62420042E34C /* Products */,
			);
			sourceTree = "<group>";
		};
		9069D25C0FCE62420042E34C /* Products */ = {
			isa = PBXGroup;
			children = (
				9069D28C0FCE659A0042E34C /* libcrypto.a */,
			);
			name = Products;
			sourceTree = "<group>";
		};
/* End PBXGroup section */

/* Begin PBXNativeTarget section */
		9069D28B0FCE659A0042E34C /* crypto */ = {
			isa = PBXNativeTarget;
			buildConfigurationList = 9069D2980FCE65C10042E34C /* Build configuration list for PBXNativeTarget "crypto" */;
			buildPhases = (
				27558DB412CE64BC00692BA9 /* ShellScript */,
			);
			buildRules = (
			);
			dependencies = (
			);
			name = crypto;
			productName = crypto;
			productReference = 9069D28C0FCE659A0042E34C /* libcrypto.a */;
			productType = "com.apple.product-type.library.static";
		};
/* End PBXNativeTarget section */

/* Begin PBXProject section */
		9069D12F0FCE340B0042E34C /* Project object */ = {
			isa = PBXProject;
			buildConfigurationList = 9069D1320FCE340B0042E34C /* Build configuration list for PBXProject "openssl" */;
			compatibilityVersion = "Xcode 2.4";
			developmentRegion = English;
			hasScannedForEncodings = 0;
			knownRegions = (
				English,
				Japanese,
				French,
				German,
			);
			mainGroup = 9069D12D0FCE340B0042E34C;
			projectDirPath = "";
			projectRoot = "";
			targets = (
				9069D28B0FCE659A0042E34C /* crypto */,
			);
		};
/* End PBXProject section */

/* Begin PBXShellScriptBuildPhase section */
		27558DB412CE64BC00692BA9 /* ShellScript */ = {
			isa = PBXShellScriptBuildPhase;
			buildActionMask = 2147483647;
			files = (
			);
			inputPaths = (
			);
			outputPaths = (
			);
			runOnlyForDeploymentPostprocessing = 0;
			shellPath = /bin/sh;
			shellScript = "if [ -f \"$CONFIGURATION_BUILD_DIR/libcrypto.a\" ]; then\n\texit 0;\nfi\n\nOPENSSL_SRCROOT=\"$SRCROOT/openssl\"\nif [ ! -d \"$OPENSSL_SRCROOT\" ]; then\n    OPENSSL_SRCROOT=\"$SRCROOT\"\nfi;\n\nif [ ! -f \"$SRCROOT/openssl-1.0.1e.tar.gz\" ]; then\n    cd $SRCROOT\n    curl -O http://www.openssl.org/source/openssl-1.0.1e.tar.gz;\nfi\n\nSRC_ARCHIVE=`ls openssl*tar.gz 2>/dev/null`\nif [ -f \"$SRC_ARCHIVE\" ]; then\n\tOPENSSL_SRCROOT=\"$PROJECT_TEMP_DIR/openssl\"\n\tif [ ! -d \"$OPENSSL_SRCROOT\" ]; then\n\t\techo \"Extracting $SRC_ARCHIVE...\"\n\t\tmkdir \"$OPENSSL_SRCROOT\"\n\t\ttar -C \"$OPENSSL_SRCROOT\" --strip-components=1 -zxf \"$SRC_ARCHIVE\" || exit 1\n\t\tcp -RL \"$OPENSSL_SRCROOT/include\" \"$CONFIGURATION_BUILD_DIR\"\n\tfi\nfi\n\nif [ \"$SDKROOT\" != \"\" ]; then\n\tISYSROOT=\"-isysroot $SDKROOT\"\nfi\n\nOPENSSL_OPTIONS=\"no-krb5 no-gost\"\n\ncd \"$OPENSSL_SRCROOT\"\n\n## this is a universal build\nif [ \"$ARCHS_STANDARD_32_BIT\" = \"i386 ppc\" ]; then\n\n\tBUILDARCH=\"ppc\"\n\techo \"***** BUILDING UNIVERSAL ARCH $BUILDARCH ******\"\n\tmake clean\n\t./config no-asm $OPENSSL_OPTIONS -openssldir=\"$BUILD_DIR\"\n\tASM_DEF=\"-UOPENSSL_BN_ASM_PART_WORDS\"\n\tmake CC=$PLATFORM_DEVELOPER_BIN_DIR/gcc CFLAG=\"-D_DARWIN_C_SOURCE $ASM_DEF -arch $BUILDARCH $ISYSROOT\" SHARED_LDFLAGS=\"-arch $BUILDARCH -dynamiclib\"\n\tcp libcrypto.a \"$CONFIGURATION_TEMP_DIR\"/$BUILDARCH-libcrypto.a\n\tcp libssl.a \"$CONFIGURATION_TEMP_DIR\"/$BUILDARCH-libssl.a\n\t\n\tBUILDARCH=\"i386\"\n\techo \"***** BUILDING UNIVERSAL ARCH $BUILDARCH ******\"\n\tmake clean\n\t./config $OPENSSL_OPTIONS -openssldir=\"$BUILD_DIR\"\n\tASM_DEF=\"-DOPENSSL_BN_ASM_PART_WORDS\"\n\tmake CC=$PLATFORM_DEVELOPER_BIN_DIR/gcc CFLAG=\"-D_DARWIN_C_SOURCE $ASM_DEF -arch $BUILDARCH $ISYSROOT\" SHARED_LDFLAGS=\"-arch $BUILDARCH -dynamiclib\"\n\tcp libcrypto.a \"$CONFIGURATION_TEMP_DIR\"/$BUILDARCH-libcrypto.a\n\tcp libssl.a \"$CONFIGURATION_TEMP_DIR\"/$BUILDARCH-libssl.a\n\tmkdir -p \"$CONFIGURATION_BUILD_DIR\"\n\tlipo -create \"$CONFIGURATION_TEMP_DIR/*-libcrypto.a\" -output \"$CONFIGURATION_BUILD_DIR/libcrypto.a\"\n   \tlipo -create \"$CONFIGURATION_TEMP_DIR/*-libssl.a\" -output \"$CONFIGURATION_BUILD_DIR/libssl.a\"\nelse\n\tBUILDARCH=$ARCHS\n\techo \"***** BUILDING ARCH $BUILDARCH ******\"\n\tmake clean\n\n\tif [ \"$BUILDARCH\" = \"i386\" ]; then\n\t\t./config $OPENSSL_OPTIONS -openssldir=\"$BUILD_DIR\"\n\t\tASM_DEF=\"-DOPENSSL_BN_ASM_PART_WORDS\"\n     else\n\t\t./config no-asm $OPENSSL_OPTIONS -openssldir=\"$BUILD_DIR\"\n\t\tASM_DEF=\"-UOPENSSL_BN_ASM_PART_WORDS\"\n     fi\n\tmake CC=$PLATFORM_DEVELOPER_BIN_DIR/gcc CFLAG=\"-D_DARWIN_C_SOURCE $ASM_DEF -arch $BUILDARCH $ISYSROOT\" SHARED_LDFLAGS=\"-arch $BUILDARCH -dynamiclib\"\n\tmkdir -p \"$CONFIGURATION_BUILD_DIR\"\n    cp \"$OPENSSL_SRCROOT/libcrypto.a\" \"$CONFIGURATION_BUILD_DIR\"\n    cp \"$OPENSSL_SRCROOT/libssl.a\" \"$CONFIGURATION_BUILD_DIR\"\nfi\n\nranlib \"$CONFIGURATION_BUILD_DIR/libcrypto.a\"\nranlib \"$CONFIGURATION_BUILD_DIR/libssl.a\"";
		};
/* End PBXShellScriptBuildPhase section */

/* Begin XCBuildConfiguration section */
		9069D1300FCE340B0042E34C /* Debug */ = {
			isa = XCBuildConfiguration;
			buildSettings = {
				COPY_PHASE_STRIP = NO;
				SDKROOT = iphoneos6.1;
			};
			name = Debug;
		};
		9069D1310FCE340B0042E34C /* Release */ = {
			isa = XCBuildConfiguration;
			buildSettings = {
				COPY_PHASE_STRIP = YES;
				SDKROOT = iphoneos6.1;
			};
			name = Release;
		};
		9069D28D0FCE659B0042E34C /* Debug */ = {
			isa = XCBuildConfiguration;
			buildSettings = {
				ALWAYS_SEARCH_USER_PATHS = NO;
				ARCHS = armv7;
				COPY_PHASE_STRIP = NO;
				GCC_DYNAMIC_NO_PIC = NO;
				GCC_ENABLE_FIX_AND_CONTINUE = YES;
				GCC_MODEL_TUNING = G5;
				GCC_OPTIMIZATION_LEVEL = 0;
				GCC_VERSION = com.apple.compilers.llvmgcc42;
				PREBINDING = NO;
				PRODUCT_NAME = crypto;
			};
			name = Debug;
		};
		9069D28E0FCE659B0042E34C /* Release */ = {
			isa = XCBuildConfiguration;
			buildSettings = {
				ALWAYS_SEARCH_USER_PATHS = NO;
				ARCHS = armv7;
				COPY_PHASE_STRIP = YES;
				DEBUG_INFORMATION_FORMAT = "dwarf-with-dsym";
				GCC_ENABLE_FIX_AND_CONTINUE = NO;
				GCC_MODEL_TUNING = G5;
				GCC_VERSION = com.apple.compilers.llvmgcc42;
				PREBINDING = NO;
				PRODUCT_NAME = crypto;
				ZERO_LINK = NO;
			};
			name = Release;
		};
/* End XCBuildConfiguration section */

/* Begin XCConfigurationList section */
		9069D1320FCE340B0042E34C /* Build configuration list for PBXProject "openssl" */ = {
			isa = XCConfigurationList;
			buildConfigurations = (
				9069D1300FCE340B0042E34C /* Debug */,
				9069D1310FCE340B0042E34C /* Release */,
			);
			defaultConfigurationIsVisible = 0;
			defaultConfigurationName = Release;
		};
		9069D2980FCE65C10042E34C /* Build configuration list for PBXNativeTarget "crypto" */ = {
			isa = XCConfigurationList;
			buildConfigurations = (
				9069D28D0FCE659B0042E34C /* Debug */,
				9069D28E0FCE659B0042E34C /* Release */,
			);
			defaultConfigurationIsVisible = 0;
			defaultConfigurationName = Release;
		};
/* End XCConfigurationList section */
	};
	rootObject = 9069D12F0FCE340B0042E34C /* Project object */;
}
